// !$*UTF8*$!
{
	archiveVersion = 1;
	classes = {
	};
	objectVersion = 46;
	objects = {

/* Begin PBXBuildFile section */
		222D263015A702D00035CB04 /* GSDispatch.h in Headers */ = {isa = PBXBuildFile; fileRef = 222D262E15A702D00035CB04 /* GSDispatch.h */; };
		222D263115A702D00035CB04 /* GSDispatch.m in Sources */ = {isa = PBXBuildFile; fileRef = 222D262F15A702D00035CB04 /* GSDispatch.m */; };
		2242FB8B15A6D8A500B34D4F /* CoreAudio.framework in Frameworks */ = {isa = PBXBuildFile; fileRef = 2242FB8A15A6D8A500B34D4F /* CoreAudio.framework */; };
		2242FB8D15A6D8B000B34D4F /* CFNetwork.framework in Frameworks */ = {isa = PBXBuildFile; fileRef = 2242FB8C15A6D8B000B34D4F /* CFNetwork.framework */; };
		2242FB8F15A6D8D400B34D4F /* CFNetwork.framework in Frameworks */ = {isa = PBXBuildFile; fileRef = 2242FB8C15A6D8B000B34D4F /* CFNetwork.framework */; };
		2242FB9015A6D8D600B34D4F /* CoreAudio.framework in Frameworks */ = {isa = PBXBuildFile; fileRef = 2242FB8A15A6D8A500B34D4F /* CoreAudio.framework */; };
		2242FB9515A6D90000B34D4F /* AVFoundation.framework in Frameworks */ = {isa = PBXBuildFile; fileRef = 2242FB9315A6D8FC00B34D4F /* AVFoundation.framework */; };
		2242FB9615A6D90000B34D4F /* AudioToolbox.framework in Frameworks */ = {isa = PBXBuildFile; fileRef = 2242FB9115A6D8F500B34D4F /* AudioToolbox.framework */; };
		224A001315A6F1A900CC5890 /* libg7221codec-arm-apple-darwin9.a in Frameworks */ = {isa = PBXBuildFile; fileRef = 22AD82B215A5A0350000D05C /* libg7221codec-arm-apple-darwin9.a */; };
		224A001415A6F1A900CC5890 /* libg729a.a in Frameworks */ = {isa = PBXBuildFile; fileRef = 22AD82D815A5A03B0000D05C /* libg729a.a */; };
		224A001515A6F1A900CC5890 /* libgsmcodec-arm-apple-darwin9.a in Frameworks */ = {isa = PBXBuildFile; fileRef = 22AD82B315A5A0350000D05C /* libgsmcodec-arm-apple-darwin9.a */; };
		224A001615A6F1A900CC5890 /* libilbccodec-arm-apple-darwin9.a in Frameworks */ = {isa = PBXBuildFile; fileRef = 22AD82B415A5A0350000D05C /* libilbccodec-arm-apple-darwin9.a */; };
		224A001715A6F1A900CC5890 /* libmilenage-arm-apple-darwin9.a in Frameworks */ = {isa = PBXBuildFile; fileRef = 22AD82B515A5A0350000D05C /* libmilenage-arm-apple-darwin9.a */; };
		224A001815A6F1A900CC5890 /* libpj-arm-apple-darwin9.a in Frameworks */ = {isa = PBXBuildFile; fileRef = 22AD82B615A5A0350000D05C /* libpj-arm-apple-darwin9.a */; };
		224A001915A6F1A900CC5890 /* libpjlib-util-arm-apple-darwin9.a in Frameworks */ = {isa = PBXBuildFile; fileRef = 22AD82B715A5A0350000D05C /* libpjlib-util-arm-apple-darwin9.a */; };
		224A001A15A6F1A900CC5890 /* libpjmedia-arm-apple-darwin9.a in Frameworks */ = {isa = PBXBuildFile; fileRef = 22AD82B815A5A0350000D05C /* libpjmedia-arm-apple-darwin9.a */; };
		224A001B15A6F1A900CC5890 /* libpjmedia-audiodev-arm-apple-darwin9.a in Frameworks */ = {isa = PBXBuildFile; fileRef = 22AD82B915A5A0350000D05C /* libpjmedia-audiodev-arm-apple-darwin9.a */; };
		224A001C15A6F1A900CC5890 /* libpjmedia-codec-arm-apple-darwin9.a in Frameworks */ = {isa = PBXBuildFile; fileRef = 22AD82BA15A5A0350000D05C /* libpjmedia-codec-arm-apple-darwin9.a */; };
		224A001D15A6F1A900CC5890 /* libpjmedia-videodev-arm-apple-darwin9.a in Frameworks */ = {isa = PBXBuildFile; fileRef = 22AD82BB15A5A0350000D05C /* libpjmedia-videodev-arm-apple-darwin9.a */; };
		224A001E15A6F1A900CC5890 /* libpjnath-arm-apple-darwin9.a in Frameworks */ = {isa = PBXBuildFile; fileRef = 22AD82BC15A5A0350000D05C /* libpjnath-arm-apple-darwin9.a */; };
		224A001F15A6F1A900CC5890 /* libpjsdp-arm-apple-darwin9.a in Frameworks */ = {isa = PBXBuildFile; fileRef = 22AD82BD15A5A0350000D05C /* libpjsdp-arm-apple-darwin9.a */; };
		224A002015A6F1A900CC5890 /* libpjsip-arm-apple-darwin9.a in Frameworks */ = {isa = PBXBuildFile; fileRef = 22AD82BE15A5A0350000D05C /* libpjsip-arm-apple-darwin9.a */; };
		224A002115A6F1A900CC5890 /* libpjsip-simple-arm-apple-darwin9.a in Frameworks */ = {isa = PBXBuildFile; fileRef = 22AD82BF15A5A0350000D05C /* libpjsip-simple-arm-apple-darwin9.a */; };
		224A002215A6F1A900CC5890 /* libpjsip-ua-arm-apple-darwin9.a in Frameworks */ = {isa = PBXBuildFile; fileRef = 22AD82C015A5A0350000D05C /* libpjsip-ua-arm-apple-darwin9.a */; };
		224A002315A6F1A900CC5890 /* libpjsua-arm-apple-darwin9.a in Frameworks */ = {isa = PBXBuildFile; fileRef = 22AD82C115A5A0350000D05C /* libpjsua-arm-apple-darwin9.a */; };
		224A002415A6F1A900CC5890 /* libresample-arm-apple-darwin9.a in Frameworks */ = {isa = PBXBuildFile; fileRef = 22AD82C215A5A0350000D05C /* libresample-arm-apple-darwin9.a */; };
		224A002515A6F1A900CC5890 /* libspeex-arm-apple-darwin9.a in Frameworks */ = {isa = PBXBuildFile; fileRef = 22AD82C315A5A0350000D05C /* libspeex-arm-apple-darwin9.a */; };
		224A002615A6F1A900CC5890 /* libsrtp-arm-apple-darwin9.a in Frameworks */ = {isa = PBXBuildFile; fileRef = 22AD82C415A5A0350000D05C /* libsrtp-arm-apple-darwin9.a */; };
		224A003B15A6F1F100CC5890 /* libGossip.a in Frameworks */ = {isa = PBXBuildFile; fileRef = 22AD824315A5987C0000D05C /* libGossip.a */; };
		224A003C15A6F21100CC5890 /* PJSIP.h in Headers */ = {isa = PBXBuildFile; fileRef = 22AD82EA15A5A3CC0000D05C /* PJSIP.h */; };
		224A003D15A6F21600CC5890 /* Util.h in Headers */ = {isa = PBXBuildFile; fileRef = 224EFF7115A6B2A900CD541C /* Util.h */; };
		224A004415A6FA2600CC5890 /* GSPJUtil.h in Headers */ = {isa = PBXBuildFile; fileRef = 224A004215A6FA2600CC5890 /* GSPJUtil.h */; };
		224A004515A6FA2600CC5890 /* GSPJUtil.m in Sources */ = {isa = PBXBuildFile; fileRef = 224A004315A6FA2600CC5890 /* GSPJUtil.m */; };
		224A004A15A6FD9B00CC5890 /* GSEMenuViewController.m in Sources */ = {isa = PBXBuildFile; fileRef = 224A004715A6FD9800CC5890 /* GSEMenuViewController.m */; };
		224A004D15A6FFBC00CC5890 /* GSEMenuViewController.xib in Resources */ = {isa = PBXBuildFile; fileRef = 224A004C15A6FFBC00CC5890 /* GSEMenuViewController.xib */; };
		224AFFF115A6E9C900CC5890 /* CoreMedia.framework in Frameworks */ = {isa = PBXBuildFile; fileRef = 224AFFEF15A6E9C500CC5890 /* CoreMedia.framework */; };
		224AFFF215A6E9C900CC5890 /* CoreVideo.framework in Frameworks */ = {isa = PBXBuildFile; fileRef = 224AFFED15A6E9AB00CC5890 /* CoreVideo.framework */; };
		224AFFF315A6E9D200CC5890 /* AudioToolbox.framework in Frameworks */ = {isa = PBXBuildFile; fileRef = 2242FB9115A6D8F500B34D4F /* AudioToolbox.framework */; };
		224AFFF415A6E9D200CC5890 /* AVFoundation.framework in Frameworks */ = {isa = PBXBuildFile; fileRef = 2242FB9315A6D8FC00B34D4F /* AVFoundation.framework */; };
		224AFFF515A6E9E200CC5890 /* CoreMedia.framework in Frameworks */ = {isa = PBXBuildFile; fileRef = 224AFFEF15A6E9C500CC5890 /* CoreMedia.framework */; };
		224AFFF615A6E9E200CC5890 /* CoreVideo.framework in Frameworks */ = {isa = PBXBuildFile; fileRef = 224AFFED15A6E9AB00CC5890 /* CoreVideo.framework */; };
		224AFFF715A6E9F600CC5890 /* CoreGraphics.framework in Frameworks */ = {isa = PBXBuildFile; fileRef = 224EFF9115A6D27600CD541C /* CoreGraphics.framework */; };
		224EFF7515A6B97F00CD541C /* GSConfiguration.h in Headers */ = {isa = PBXBuildFile; fileRef = 224EFF7315A6B97F00CD541C /* GSConfiguration.h */; settings = {ATTRIBUTES = (Private, ); }; };
		224EFF7615A6B97F00CD541C /* GSConfiguration.m in Sources */ = {isa = PBXBuildFile; fileRef = 224EFF7415A6B97F00CD541C /* GSConfiguration.m */; };
		224EFF7915A6BAEC00CD541C /* Gossip.h in Headers */ = {isa = PBXBuildFile; fileRef = 224EFF7815A6BA9000CD541C /* Gossip.h */; settings = {ATTRIBUTES = (Public, ); }; };
		224EFF8115A6C7D100CD541C /* GSAccount.h in Headers */ = {isa = PBXBuildFile; fileRef = 224EFF7F15A6C7D100CD541C /* GSAccount.h */; settings = {ATTRIBUTES = (Private, ); }; };
		224EFF8215A6C7D100CD541C /* GSAccount.m in Sources */ = {isa = PBXBuildFile; fileRef = 224EFF8015A6C7D100CD541C /* GSAccount.m */; };
		224EFF8615A6CC1F00CD541C /* GSAccountConfiguration.h in Headers */ = {isa = PBXBuildFile; fileRef = 224EFF8415A6CC1F00CD541C /* GSAccountConfiguration.h */; settings = {ATTRIBUTES = (Private, ); }; };
		224EFF8715A6CC1F00CD541C /* GSAccountConfiguration.m in Sources */ = {isa = PBXBuildFile; fileRef = 224EFF8515A6CC1F00CD541C /* GSAccountConfiguration.m */; };
		224EFF8F15A6D27600CD541C /* UIKit.framework in Frameworks */ = {isa = PBXBuildFile; fileRef = 224EFF8E15A6D27600CD541C /* UIKit.framework */; };
		224EFF9015A6D27600CD541C /* Foundation.framework in Frameworks */ = {isa = PBXBuildFile; fileRef = 22AD824615A5987C0000D05C /* Foundation.framework */; };
		224EFF9215A6D27600CD541C /* CoreGraphics.framework in Frameworks */ = {isa = PBXBuildFile; fileRef = 224EFF9115A6D27600CD541C /* CoreGraphics.framework */; };
		224EFF9815A6D27600CD541C /* InfoPlist.strings in Resources */ = {isa = PBXBuildFile; fileRef = 224EFF9615A6D27600CD541C /* InfoPlist.strings */; };
		224EFF9A15A6D27600CD541C /* main.m in Sources */ = {isa = PBXBuildFile; fileRef = 224EFF9915A6D27600CD541C /* main.m */; };
		224EFF9E15A6D27600CD541C /* GSEAppDelegate.m in Sources */ = {isa = PBXBuildFile; fileRef = 224EFF9D15A6D27600CD541C /* GSEAppDelegate.m */; };
		224EFFAD15A6D39200CD541C /* GSERootViewController.m in Sources */ = {isa = PBXBuildFile; fileRef = 224EFFAA15A6D37D00CD541C /* GSERootViewController.m */; };
		224EFFB615A6D7D000CD541C /* GSEConfigurationViewController.m in Sources */ = {isa = PBXBuildFile; fileRef = 224EFFB315A6D7C300CD541C /* GSEConfigurationViewController.m */; };
		22AD824715A5987C0000D05C /* Foundation.framework in Frameworks */ = {isa = PBXBuildFile; fileRef = 22AD824615A5987C0000D05C /* Foundation.framework */; };
		22AD82DD15A5A1550000D05C /* GSUserAgent.h in Headers */ = {isa = PBXBuildFile; fileRef = 22AD82DB15A5A1550000D05C /* GSUserAgent.h */; settings = {ATTRIBUTES = (Private, ); }; };
		22AD82DE15A5A1550000D05C /* GSUserAgent.m in Sources */ = {isa = PBXBuildFile; fileRef = 22AD82DC15A5A1550000D05C /* GSUserAgent.m */; };
		22D43D8315AAA5FE0099C79F /* GSNotifications.m in Sources */ = {isa = PBXBuildFile; fileRef = 22D43D8215AAA5FE0099C79F /* GSNotifications.m */; };
		22D43D8615AAC1C40099C79F /* GSCall.h in Headers */ = {isa = PBXBuildFile; fileRef = 22D43D8415AAC1C40099C79F /* GSCall.h */; };
		22D43D8715AAC1C40099C79F /* GSCall.m in Sources */ = {isa = PBXBuildFile; fileRef = 22D43D8515AAC1C40099C79F /* GSCall.m */; };
/* End PBXBuildFile section */

/* Begin PBXContainerItemProxy section */
		224EFFA215A6D28800CD541C /* PBXContainerItemProxy */ = {
			isa = PBXContainerItemProxy;
			containerPortal = 22AD823A15A5987C0000D05C /* Project object */;
			proxyType = 1;
			remoteGlobalIDString = 22AD824215A5987C0000D05C;
			remoteInfo = Gossip;
		};
/* End PBXContainerItemProxy section */

/* Begin PBXFileReference section */
		222D262E15A702D00035CB04 /* GSDispatch.h */ = {isa = PBXFileReference; fileEncoding = 4; lastKnownFileType = sourcecode.c.h; path = GSDispatch.h; sourceTree = "<group>"; };
		222D262F15A702D00035CB04 /* GSDispatch.m */ = {isa = PBXFileReference; fileEncoding = 4; lastKnownFileType = sourcecode.c.objc; path = GSDispatch.m; sourceTree = "<group>"; };
		2242FB8A15A6D8A500B34D4F /* CoreAudio.framework */ = {isa = PBXFileReference; lastKnownFileType = wrapper.framework; name = CoreAudio.framework; path = System/Library/Frameworks/CoreAudio.framework; sourceTree = SDKROOT; };
		2242FB8C15A6D8B000B34D4F /* CFNetwork.framework */ = {isa = PBXFileReference; lastKnownFileType = wrapper.framework; name = CFNetwork.framework; path = System/Library/Frameworks/CFNetwork.framework; sourceTree = SDKROOT; };
		2242FB9115A6D8F500B34D4F /* AudioToolbox.framework */ = {isa = PBXFileReference; lastKnownFileType = wrapper.framework; name = AudioToolbox.framework; path = System/Library/Frameworks/AudioToolbox.framework; sourceTree = SDKROOT; };
		2242FB9315A6D8FC00B34D4F /* AVFoundation.framework */ = {isa = PBXFileReference; lastKnownFileType = wrapper.framework; name = AVFoundation.framework; path = System/Library/Frameworks/AVFoundation.framework; sourceTree = SDKROOT; };
		224A004215A6FA2600CC5890 /* GSPJUtil.h */ = {isa = PBXFileReference; fileEncoding = 4; lastKnownFileType = sourcecode.c.h; path = GSPJUtil.h; sourceTree = "<group>"; };
		224A004315A6FA2600CC5890 /* GSPJUtil.m */ = {isa = PBXFileReference; fileEncoding = 4; lastKnownFileType = sourcecode.c.objc; path = GSPJUtil.m; sourceTree = "<group>"; };
		224A004615A6FD9800CC5890 /* GSEMenuViewController.h */ = {isa = PBXFileReference; fileEncoding = 4; lastKnownFileType = sourcecode.c.h; path = GSEMenuViewController.h; sourceTree = "<group>"; };
		224A004715A6FD9800CC5890 /* GSEMenuViewController.m */ = {isa = PBXFileReference; fileEncoding = 4; lastKnownFileType = sourcecode.c.objc; path = GSEMenuViewController.m; sourceTree = "<group>"; };
		224A004C15A6FFBC00CC5890 /* GSEMenuViewController.xib */ = {isa = PBXFileReference; fileEncoding = 4; lastKnownFileType = file.xib; path = GSEMenuViewController.xib; sourceTree = "<group>"; };
		224AFFED15A6E9AB00CC5890 /* CoreVideo.framework */ = {isa = PBXFileReference; lastKnownFileType = wrapper.framework; name = CoreVideo.framework; path = System/Library/Frameworks/CoreVideo.framework; sourceTree = SDKROOT; };
		224AFFEF15A6E9C500CC5890 /* CoreMedia.framework */ = {isa = PBXFileReference; lastKnownFileType = wrapper.framework; name = CoreMedia.framework; path = System/Library/Frameworks/CoreMedia.framework; sourceTree = SDKROOT; };
		224EFF7115A6B2A900CD541C /* Util.h */ = {isa = PBXFileReference; lastKnownFileType = sourcecode.c.h; path = Util.h; sourceTree = "<group>"; };
		224EFF7315A6B97F00CD541C /* GSConfiguration.h */ = {isa = PBXFileReference; fileEncoding = 4; lastKnownFileType = sourcecode.c.h; path = GSConfiguration.h; sourceTree = "<group>"; };
		224EFF7415A6B97F00CD541C /* GSConfiguration.m */ = {isa = PBXFileReference; fileEncoding = 4; lastKnownFileType = sourcecode.c.objc; path = GSConfiguration.m; sourceTree = "<group>"; };
		224EFF7815A6BA9000CD541C /* Gossip.h */ = {isa = PBXFileReference; lastKnownFileType = sourcecode.c.h; path = Gossip.h; sourceTree = "<group>"; };
		224EFF7F15A6C7D100CD541C /* GSAccount.h */ = {isa = PBXFileReference; fileEncoding = 4; lastKnownFileType = sourcecode.c.h; path = GSAccount.h; sourceTree = "<group>"; };
		224EFF8015A6C7D100CD541C /* GSAccount.m */ = {isa = PBXFileReference; fileEncoding = 4; lastKnownFileType = sourcecode.c.objc; path = GSAccount.m; sourceTree = "<group>"; };
		224EFF8415A6CC1F00CD541C /* GSAccountConfiguration.h */ = {isa = PBXFileReference; fileEncoding = 4; lastKnownFileType = sourcecode.c.h; path = GSAccountConfiguration.h; sourceTree = "<group>"; };
		224EFF8515A6CC1F00CD541C /* GSAccountConfiguration.m */ = {isa = PBXFileReference; fileEncoding = 4; lastKnownFileType = sourcecode.c.objc; path = GSAccountConfiguration.m; sourceTree = "<group>"; };
		224EFF8C15A6D27600CD541C /* GossipExample.app */ = {isa = PBXFileReference; explicitFileType = wrapper.application; includeInIndex = 0; path = GossipExample.app; sourceTree = BUILT_PRODUCTS_DIR; };
		224EFF8E15A6D27600CD541C /* UIKit.framework */ = {isa = PBXFileReference; lastKnownFileType = wrapper.framework; name = UIKit.framework; path = System/Library/Frameworks/UIKit.framework; sourceTree = SDKROOT; };
		224EFF9115A6D27600CD541C /* CoreGraphics.framework */ = {isa = PBXFileReference; lastKnownFileType = wrapper.framework; name = CoreGraphics.framework; path = System/Library/Frameworks/CoreGraphics.framework; sourceTree = SDKROOT; };
		224EFF9515A6D27600CD541C /* GSGossipExample-Info.plist */ = {isa = PBXFileReference; lastKnownFileType = text.plist.xml; path = "GSGossipExample-Info.plist"; sourceTree = "<group>"; };
		224EFF9715A6D27600CD541C /* en */ = {isa = PBXFileReference; lastKnownFileType = text.plist.strings; name = en; path = en.lproj/InfoPlist.strings; sourceTree = "<group>"; };
		224EFF9915A6D27600CD541C /* main.m */ = {isa = PBXFileReference; lastKnownFileType = sourcecode.c.objc; path = main.m; sourceTree = "<group>"; };
		224EFF9B15A6D27600CD541C /* GSGossipExample-Prefix.pch */ = {isa = PBXFileReference; lastKnownFileType = sourcecode.c.h; path = "GSGossipExample-Prefix.pch"; sourceTree = "<group>"; };
		224EFF9C15A6D27600CD541C /* GSEAppDelegate.h */ = {isa = PBXFileReference; lastKnownFileType = sourcecode.c.h; path = GSEAppDelegate.h; sourceTree = "<group>"; };
		224EFF9D15A6D27600CD541C /* GSEAppDelegate.m */ = {isa = PBXFileReference; lastKnownFileType = sourcecode.c.objc; path = GSEAppDelegate.m; sourceTree = "<group>"; };
		224EFFA915A6D37D00CD541C /* GSERootViewController.h */ = {isa = PBXFileReference; fileEncoding = 4; lastKnownFileType = sourcecode.c.h; path = GSERootViewController.h; sourceTree = "<group>"; };
		224EFFAA15A6D37D00CD541C /* GSERootViewController.m */ = {isa = PBXFileReference; fileEncoding = 4; lastKnownFileType = sourcecode.c.objc; path = GSERootViewController.m; sourceTree = "<group>"; };
		224EFFB215A6D7C300CD541C /* GSEConfigurationViewController.h */ = {isa = PBXFileReference; fileEncoding = 4; lastKnownFileType = sourcecode.c.h; path = GSEConfigurationViewController.h; sourceTree = "<group>"; };
		224EFFB315A6D7C300CD541C /* GSEConfigurationViewController.m */ = {isa = PBXFileReference; fileEncoding = 4; lastKnownFileType = sourcecode.c.objc; path = GSEConfigurationViewController.m; sourceTree = "<group>"; };
		22AD824315A5987C0000D05C /* libGossip.a */ = {isa = PBXFileReference; explicitFileType = archive.ar; includeInIndex = 0; path = libGossip.a; sourceTree = BUILT_PRODUCTS_DIR; };
		22AD824615A5987C0000D05C /* Foundation.framework */ = {isa = PBXFileReference; lastKnownFileType = wrapper.framework; name = Foundation.framework; path = System/Library/Frameworks/Foundation.framework; sourceTree = SDKROOT; };
		22AD82B215A5A0350000D05C /* libg7221codec-arm-apple-darwin9.a */ = {isa = PBXFileReference; lastKnownFileType = archive.ar; name = "libg7221codec-arm-apple-darwin9.a"; path = "pjsip/lib/libg7221codec-arm-apple-darwin9.a"; sourceTree = "<group>"; };
		22AD82B315A5A0350000D05C /* libgsmcodec-arm-apple-darwin9.a */ = {isa = PBXFileReference; lastKnownFileType = archive.ar; name = "libgsmcodec-arm-apple-darwin9.a"; path = "pjsip/lib/libgsmcodec-arm-apple-darwin9.a"; sourceTree = "<group>"; };
		22AD82B415A5A0350000D05C /* libilbccodec-arm-apple-darwin9.a */ = {isa = PBXFileReference; lastKnownFileType = archive.ar; name = "libilbccodec-arm-apple-darwin9.a"; path = "pjsip/lib/libilbccodec-arm-apple-darwin9.a"; sourceTree = "<group>"; };
		22AD82B515A5A0350000D05C /* libmilenage-arm-apple-darwin9.a */ = {isa = PBXFileReference; lastKnownFileType = archive.ar; name = "libmilenage-arm-apple-darwin9.a"; path = "pjsip/lib/libmilenage-arm-apple-darwin9.a"; sourceTree = "<group>"; };
		22AD82B615A5A0350000D05C /* libpj-arm-apple-darwin9.a */ = {isa = PBXFileReference; lastKnownFileType = archive.ar; name = "libpj-arm-apple-darwin9.a"; path = "pjsip/lib/libpj-arm-apple-darwin9.a"; sourceTree = "<group>"; };
		22AD82B715A5A0350000D05C /* libpjlib-util-arm-apple-darwin9.a */ = {isa = PBXFileReference; lastKnownFileType = archive.ar; name = "libpjlib-util-arm-apple-darwin9.a"; path = "pjsip/lib/libpjlib-util-arm-apple-darwin9.a"; sourceTree = "<group>"; };
		22AD82B815A5A0350000D05C /* libpjmedia-arm-apple-darwin9.a */ = {isa = PBXFileReference; lastKnownFileType = archive.ar; name = "libpjmedia-arm-apple-darwin9.a"; path = "pjsip/lib/libpjmedia-arm-apple-darwin9.a"; sourceTree = "<group>"; };
		22AD82B915A5A0350000D05C /* libpjmedia-audiodev-arm-apple-darwin9.a */ = {isa = PBXFileReference; lastKnownFileType = archive.ar; name = "libpjmedia-audiodev-arm-apple-darwin9.a"; path = "pjsip/lib/libpjmedia-audiodev-arm-apple-darwin9.a"; sourceTree = "<group>"; };
		22AD82BA15A5A0350000D05C /* libpjmedia-codec-arm-apple-darwin9.a */ = {isa = PBXFileReference; lastKnownFileType = archive.ar; name = "libpjmedia-codec-arm-apple-darwin9.a"; path = "pjsip/lib/libpjmedia-codec-arm-apple-darwin9.a"; sourceTree = "<group>"; };
		22AD82BB15A5A0350000D05C /* libpjmedia-videodev-arm-apple-darwin9.a */ = {isa = PBXFileReference; lastKnownFileType = archive.ar; name = "libpjmedia-videodev-arm-apple-darwin9.a"; path = "pjsip/lib/libpjmedia-videodev-arm-apple-darwin9.a"; sourceTree = "<group>"; };
		22AD82BC15A5A0350000D05C /* libpjnath-arm-apple-darwin9.a */ = {isa = PBXFileReference; lastKnownFileType = archive.ar; name = "libpjnath-arm-apple-darwin9.a"; path = "pjsip/lib/libpjnath-arm-apple-darwin9.a"; sourceTree = "<group>"; };
		22AD82BD15A5A0350000D05C /* libpjsdp-arm-apple-darwin9.a */ = {isa = PBXFileReference; lastKnownFileType = archive.ar; name = "libpjsdp-arm-apple-darwin9.a"; path = "pjsip/lib/libpjsdp-arm-apple-darwin9.a"; sourceTree = "<group>"; };
		22AD82BE15A5A0350000D05C /* libpjsip-arm-apple-darwin9.a */ = {isa = PBXFileReference; lastKnownFileType = archive.ar; name = "libpjsip-arm-apple-darwin9.a"; path = "pjsip/lib/libpjsip-arm-apple-darwin9.a"; sourceTree = "<group>"; };
		22AD82BF15A5A0350000D05C /* libpjsip-simple-arm-apple-darwin9.a */ = {isa = PBXFileReference; lastKnownFileType = archive.ar; name = "libpjsip-simple-arm-apple-darwin9.a"; path = "pjsip/lib/libpjsip-simple-arm-apple-darwin9.a"; sourceTree = "<group>"; };
		22AD82C015A5A0350000D05C /* libpjsip-ua-arm-apple-darwin9.a */ = {isa = PBXFileReference; lastKnownFileType = archive.ar; name = "libpjsip-ua-arm-apple-darwin9.a"; path = "pjsip/lib/libpjsip-ua-arm-apple-darwin9.a"; sourceTree = "<group>"; };
		22AD82C115A5A0350000D05C /* libpjsua-arm-apple-darwin9.a */ = {isa = PBXFileReference; lastKnownFileType = archive.ar; name = "libpjsua-arm-apple-darwin9.a"; path = "pjsip/lib/libpjsua-arm-apple-darwin9.a"; sourceTree = "<group>"; };
		22AD82C215A5A0350000D05C /* libresample-arm-apple-darwin9.a */ = {isa = PBXFileReference; lastKnownFileType = archive.ar; name = "libresample-arm-apple-darwin9.a"; path = "pjsip/lib/libresample-arm-apple-darwin9.a"; sourceTree = "<group>"; };
		22AD82C315A5A0350000D05C /* libspeex-arm-apple-darwin9.a */ = {isa = PBXFileReference; lastKnownFileType = archive.ar; name = "libspeex-arm-apple-darwin9.a"; path = "pjsip/lib/libspeex-arm-apple-darwin9.a"; sourceTree = "<group>"; };
		22AD82C415A5A0350000D05C /* libsrtp-arm-apple-darwin9.a */ = {isa = PBXFileReference; lastKnownFileType = archive.ar; name = "libsrtp-arm-apple-darwin9.a"; path = "pjsip/lib/libsrtp-arm-apple-darwin9.a"; sourceTree = "<group>"; };
		22AD82D815A5A03B0000D05C /* libg729a.a */ = {isa = PBXFileReference; lastKnownFileType = archive.ar; name = libg729a.a; path = pjsip/libg729a.a; sourceTree = "<group>"; };
		22AD82DB15A5A1550000D05C /* GSUserAgent.h */ = {isa = PBXFileReference; fileEncoding = 4; lastKnownFileType = sourcecode.c.h; path = GSUserAgent.h; sourceTree = "<group>"; };
		22AD82DC15A5A1550000D05C /* GSUserAgent.m */ = {isa = PBXFileReference; fileEncoding = 4; lastKnownFileType = sourcecode.c.objc; path = GSUserAgent.m; sourceTree = "<group>"; };
		22AD82EA15A5A3CC0000D05C /* PJSIP.h */ = {isa = PBXFileReference; lastKnownFileType = sourcecode.c.h; path = PJSIP.h; sourceTree = "<group>"; };
		22D43D8015AAA5270099C79F /* GSNotifications.h */ = {isa = PBXFileReference; lastKnownFileType = sourcecode.c.h; path = GSNotifications.h; sourceTree = "<group>"; };
		22D43D8215AAA5FE0099C79F /* GSNotifications.m */ = {isa = PBXFileReference; fileEncoding = 4; lastKnownFileType = sourcecode.c.objc; path = GSNotifications.m; sourceTree = "<group>"; };
		22D43D8415AAC1C40099C79F /* GSCall.h */ = {isa = PBXFileReference; fileEncoding = 4; lastKnownFileType = sourcecode.c.h; path = GSCall.h; sourceTree = "<group>"; };
		22D43D8515AAC1C40099C79F /* GSCall.m */ = {isa = PBXFileReference; fileEncoding = 4; lastKnownFileType = sourcecode.c.objc; path = GSCall.m; sourceTree = "<group>"; };
/* End PBXFileReference section */

/* Begin PBXFrameworksBuildPhase section */
		224EFF8915A6D27600CD541C /* Frameworks */ = {
			isa = PBXFrameworksBuildPhase;
			buildActionMask = 2147483647;
			files = (
				224A003B15A6F1F100CC5890 /* libGossip.a in Frameworks */,
				224EFF8F15A6D27600CD541C /* UIKit.framework in Frameworks */,
				224EFF9015A6D27600CD541C /* Foundation.framework in Frameworks */,
				224EFF9215A6D27600CD541C /* CoreGraphics.framework in Frameworks */,
				2242FB8F15A6D8D400B34D4F /* CFNetwork.framework in Frameworks */,
				2242FB9015A6D8D600B34D4F /* CoreAudio.framework in Frameworks */,
				2242FB9515A6D90000B34D4F /* AVFoundation.framework in Frameworks */,
				2242FB9615A6D90000B34D4F /* AudioToolbox.framework in Frameworks */,
				224AFFF115A6E9C900CC5890 /* CoreMedia.framework in Frameworks */,
				224AFFF215A6E9C900CC5890 /* CoreVideo.framework in Frameworks */,
			);
			runOnlyForDeploymentPostprocessing = 0;
		};
		22AD824015A5987C0000D05C /* Frameworks */ = {
			isa = PBXFrameworksBuildPhase;
			buildActionMask = 2147483647;
			files = (
				224AFFF715A6E9F600CC5890 /* CoreGraphics.framework in Frameworks */,
				224AFFF315A6E9D200CC5890 /* AudioToolbox.framework in Frameworks */,
				224AFFF415A6E9D200CC5890 /* AVFoundation.framework in Frameworks */,
				2242FB8D15A6D8B000B34D4F /* CFNetwork.framework in Frameworks */,
				224AFFF515A6E9E200CC5890 /* CoreMedia.framework in Frameworks */,
				224AFFF615A6E9E200CC5890 /* CoreVideo.framework in Frameworks */,
				2242FB8B15A6D8A500B34D4F /* CoreAudio.framework in Frameworks */,
				22AD824715A5987C0000D05C /* Foundation.framework in Frameworks */,
				224A001315A6F1A900CC5890 /* libg7221codec-arm-apple-darwin9.a in Frameworks */,
				224A001415A6F1A900CC5890 /* libg729a.a in Frameworks */,
				224A001515A6F1A900CC5890 /* libgsmcodec-arm-apple-darwin9.a in Frameworks */,
				224A001615A6F1A900CC5890 /* libilbccodec-arm-apple-darwin9.a in Frameworks */,
				224A001715A6F1A900CC5890 /* libmilenage-arm-apple-darwin9.a in Frameworks */,
				224A001815A6F1A900CC5890 /* libpj-arm-apple-darwin9.a in Frameworks */,
				224A001915A6F1A900CC5890 /* libpjlib-util-arm-apple-darwin9.a in Frameworks */,
				224A001A15A6F1A900CC5890 /* libpjmedia-arm-apple-darwin9.a in Frameworks */,
				224A001B15A6F1A900CC5890 /* libpjmedia-audiodev-arm-apple-darwin9.a in Frameworks */,
				224A001C15A6F1A900CC5890 /* libpjmedia-codec-arm-apple-darwin9.a in Frameworks */,
				224A001D15A6F1A900CC5890 /* libpjmedia-videodev-arm-apple-darwin9.a in Frameworks */,
				224A001E15A6F1A900CC5890 /* libpjnath-arm-apple-darwin9.a in Frameworks */,
				224A001F15A6F1A900CC5890 /* libpjsdp-arm-apple-darwin9.a in Frameworks */,
				224A002015A6F1A900CC5890 /* libpjsip-arm-apple-darwin9.a in Frameworks */,
				224A002115A6F1A900CC5890 /* libpjsip-simple-arm-apple-darwin9.a in Frameworks */,
				224A002215A6F1A900CC5890 /* libpjsip-ua-arm-apple-darwin9.a in Frameworks */,
				224A002315A6F1A900CC5890 /* libpjsua-arm-apple-darwin9.a in Frameworks */,
				224A002415A6F1A900CC5890 /* libresample-arm-apple-darwin9.a in Frameworks */,
				224A002515A6F1A900CC5890 /* libspeex-arm-apple-darwin9.a in Frameworks */,
				224A002615A6F1A900CC5890 /* libsrtp-arm-apple-darwin9.a in Frameworks */,
			);
			runOnlyForDeploymentPostprocessing = 0;
		};
/* End PBXFrameworksBuildPhase section */

/* Begin PBXGroup section */
		224EFF7E15A6C29900CD541C /* Util */ = {
			isa = PBXGroup;
			children = (
				224A004215A6FA2600CC5890 /* GSPJUtil.h */,
				22AD82EA15A5A3CC0000D05C /* PJSIP.h */,
				224EFF7115A6B2A900CD541C /* Util.h */,
				224A004315A6FA2600CC5890 /* GSPJUtil.m */,
			);
			name = Util;
			sourceTree = "<group>";
		};
		224EFF8315A6C83C00CD541C /* Configuration */ = {
			isa = PBXGroup;
			children = (
				224EFF8415A6CC1F00CD541C /* GSAccountConfiguration.h */,
				224EFF7315A6B97F00CD541C /* GSConfiguration.h */,
				224EFF8515A6CC1F00CD541C /* GSAccountConfiguration.m */,
				224EFF7415A6B97F00CD541C /* GSConfiguration.m */,
			);
			name = Configuration;
			sourceTree = "<group>";
		};
		224EFF9315A6D27600CD541C /* ExampleApp */ = {
			isa = PBXGroup;
			children = (
				224EFF9C15A6D27600CD541C /* GSEAppDelegate.h */,
				224EFFB215A6D7C300CD541C /* GSEConfigurationViewController.h */,
				224A004615A6FD9800CC5890 /* GSEMenuViewController.h */,
				224EFFA915A6D37D00CD541C /* GSERootViewController.h */,
				224EFF9D15A6D27600CD541C /* GSEAppDelegate.m */,
				224EFFB315A6D7C300CD541C /* GSEConfigurationViewController.m */,
				224A004715A6FD9800CC5890 /* GSEMenuViewController.m */,
				224EFFAA15A6D37D00CD541C /* GSERootViewController.m */,
				224A004C15A6FFBC00CC5890 /* GSEMenuViewController.xib */,
				224EFF9415A6D27600CD541C /* Supporting Files */,
			);
			name = ExampleApp;
			path = GSGossipExample;
			sourceTree = "<group>";
		};
		224EFF9415A6D27600CD541C /* Supporting Files */ = {
			isa = PBXGroup;
			children = (
				224EFF9115A6D27600CD541C /* CoreGraphics.framework */,
				224EFF8E15A6D27600CD541C /* UIKit.framework */,
				224EFF9915A6D27600CD541C /* main.m */,
				224EFF9B15A6D27600CD541C /* GSGossipExample-Prefix.pch */,
				224EFF9515A6D27600CD541C /* GSGossipExample-Info.plist */,
				224EFF9615A6D27600CD541C /* InfoPlist.strings */,
			);
			name = "Supporting Files";
			sourceTree = "<group>";
		};
		22AD823815A5987C0000D05C = {
			isa = PBXGroup;
			children = (
				224EFF9315A6D27600CD541C /* ExampleApp */,
				22AD824515A5987C0000D05C /* Frameworks */,
				22AD824815A5987C0000D05C /* Gossip */,
				22AD824415A5987C0000D05C /* Products */,
			);
			sourceTree = "<group>";
		};
		22AD824415A5987C0000D05C /* Products */ = {
			isa = PBXGroup;
			children = (
				22AD824315A5987C0000D05C /* libGossip.a */,
				224EFF8C15A6D27600CD541C /* GossipExample.app */,
			);
			name = Products;
			sourceTree = "<group>";
		};
		22AD824515A5987C0000D05C /* Frameworks */ = {
			isa = PBXGroup;
			children = (
				2242FB9115A6D8F500B34D4F /* AudioToolbox.framework */,
				2242FB9315A6D8FC00B34D4F /* AVFoundation.framework */,
				2242FB8C15A6D8B000B34D4F /* CFNetwork.framework */,
				2242FB8A15A6D8A500B34D4F /* CoreAudio.framework */,
				224AFFEF15A6E9C500CC5890 /* CoreMedia.framework */,
				224AFFED15A6E9AB00CC5890 /* CoreVideo.framework */,
				22AD824615A5987C0000D05C /* Foundation.framework */,
				22AD826415A59F7D0000D05C /* PJSIP */,
			);
			name = Frameworks;
			sourceTree = "<group>";
		};
		22AD824815A5987C0000D05C /* Gossip */ = {
			isa = PBXGroup;
			children = (
				224EFF7815A6BA9000CD541C /* Gossip.h */,
				224EFF7F15A6C7D100CD541C /* GSAccount.h */,
				22D43D8415AAC1C40099C79F /* GSCall.h */,
				222D262E15A702D00035CB04 /* GSDispatch.h */,
				22D43D8015AAA5270099C79F /* GSNotifications.h */,
				22AD82DB15A5A1550000D05C /* GSUserAgent.h */,
				224EFF8015A6C7D100CD541C /* GSAccount.m */,
				22D43D8515AAC1C40099C79F /* GSCall.m */,
				222D262F15A702D00035CB04 /* GSDispatch.m */,
				22D43D8215AAA5FE0099C79F /* GSNotifications.m */,
				22AD82DC15A5A1550000D05C /* GSUserAgent.m */,
				224EFF8315A6C83C00CD541C /* Configuration */,
				224EFF7E15A6C29900CD541C /* Util */,
			);
			path = Gossip;
			sourceTree = "<group>";
		};
		22AD826415A59F7D0000D05C /* PJSIP */ = {
			isa = PBXGroup;
			children = (
				22AD82B215A5A0350000D05C /* libg7221codec-arm-apple-darwin9.a */,
				22AD82D815A5A03B0000D05C /* libg729a.a */,
				22AD82B315A5A0350000D05C /* libgsmcodec-arm-apple-darwin9.a */,
				22AD82B415A5A0350000D05C /* libilbccodec-arm-apple-darwin9.a */,
				22AD82B515A5A0350000D05C /* libmilenage-arm-apple-darwin9.a */,
				22AD82B615A5A0350000D05C /* libpj-arm-apple-darwin9.a */,
				22AD82B715A5A0350000D05C /* libpjlib-util-arm-apple-darwin9.a */,
				22AD82B815A5A0350000D05C /* libpjmedia-arm-apple-darwin9.a */,
				22AD82B915A5A0350000D05C /* libpjmedia-audiodev-arm-apple-darwin9.a */,
				22AD82BA15A5A0350000D05C /* libpjmedia-codec-arm-apple-darwin9.a */,
				22AD82BB15A5A0350000D05C /* libpjmedia-videodev-arm-apple-darwin9.a */,
				22AD82BC15A5A0350000D05C /* libpjnath-arm-apple-darwin9.a */,
				22AD82BD15A5A0350000D05C /* libpjsdp-arm-apple-darwin9.a */,
				22AD82BE15A5A0350000D05C /* libpjsip-arm-apple-darwin9.a */,
				22AD82BF15A5A0350000D05C /* libpjsip-simple-arm-apple-darwin9.a */,
				22AD82C015A5A0350000D05C /* libpjsip-ua-arm-apple-darwin9.a */,
				22AD82C115A5A0350000D05C /* libpjsua-arm-apple-darwin9.a */,
				22AD82C215A5A0350000D05C /* libresample-arm-apple-darwin9.a */,
				22AD82C315A5A0350000D05C /* libspeex-arm-apple-darwin9.a */,
				22AD82C415A5A0350000D05C /* libsrtp-arm-apple-darwin9.a */,
			);
			name = PJSIP;
			sourceTree = "<group>";
		};
/* End PBXGroup section */

/* Begin PBXHeadersBuildPhase section */
		22AD824115A5987C0000D05C /* Headers */ = {
			isa = PBXHeadersBuildPhase;
			buildActionMask = 2147483647;
			files = (
				224EFF7915A6BAEC00CD541C /* Gossip.h in Headers */,
				224EFF8615A6CC1F00CD541C /* GSAccountConfiguration.h in Headers */,
				224EFF7515A6B97F00CD541C /* GSConfiguration.h in Headers */,
				224EFF8115A6C7D100CD541C /* GSAccount.h in Headers */,
				22AD82DD15A5A1550000D05C /* GSUserAgent.h in Headers */,
				224A003C15A6F21100CC5890 /* PJSIP.h in Headers */,
				224A003D15A6F21600CC5890 /* Util.h in Headers */,
				224A004415A6FA2600CC5890 /* GSPJUtil.h in Headers */,
				222D263015A702D00035CB04 /* GSDispatch.h in Headers */,
				22D43D8615AAC1C40099C79F /* GSCall.h in Headers */,
			);
			runOnlyForDeploymentPostprocessing = 0;
		};
/* End PBXHeadersBuildPhase section */

/* Begin PBXNativeTarget section */
		224EFF8B15A6D27600CD541C /* GossipExample */ = {
			isa = PBXNativeTarget;
			buildConfigurationList = 224EFF9F15A6D27600CD541C /* Build configuration list for PBXNativeTarget "GossipExample" */;
			buildPhases = (
				224EFF8815A6D27600CD541C /* Sources */,
				224EFF8915A6D27600CD541C /* Frameworks */,
				224EFF8A15A6D27600CD541C /* Resources */,
			);
			buildRules = (
			);
			dependencies = (
				224EFFA315A6D28800CD541C /* PBXTargetDependency */,
			);
			name = GossipExample;
			productName = GSGossipExample;
			productReference = 224EFF8C15A6D27600CD541C /* GossipExample.app */;
			productType = "com.apple.product-type.application";
		};
		22AD824215A5987C0000D05C /* Gossip */ = {
			isa = PBXNativeTarget;
			buildConfigurationList = 22AD825015A5987C0000D05C /* Build configuration list for PBXNativeTarget "Gossip" */;
			buildPhases = (
				22AD823F15A5987C0000D05C /* Sources */,
				22AD824015A5987C0000D05C /* Frameworks */,
				22AD824115A5987C0000D05C /* Headers */,
			);
			buildRules = (
			);
			dependencies = (
			);
			name = Gossip;
			productName = Gossip;
			productReference = 22AD824315A5987C0000D05C /* libGossip.a */;
			productType = "com.apple.product-type.library.static";
		};
/* End PBXNativeTarget section */

/* Begin PBXProject section */
		22AD823A15A5987C0000D05C /* Project object */ = {
			isa = PBXProject;
			attributes = {
				CLASSPREFIX = GS;
				LastUpgradeCheck = 0430;
				ORGANIZATIONNAME = "";
			};
			buildConfigurationList = 22AD823D15A5987C0000D05C /* Build configuration list for PBXProject "Gossip" */;
			compatibilityVersion = "Xcode 3.2";
			developmentRegion = English;
			hasScannedForEncodings = 0;
			knownRegions = (
				en,
			);
			mainGroup = 22AD823815A5987C0000D05C;
			productRefGroup = 22AD824415A5987C0000D05C /* Products */;
			projectDirPath = "";
			projectRoot = "";
			targets = (
				22AD824215A5987C0000D05C /* Gossip */,
				224EFF8B15A6D27600CD541C /* GossipExample */,
			);
		};
/* End PBXProject section */

/* Begin PBXResourcesBuildPhase section */
		224EFF8A15A6D27600CD541C /* Resources */ = {
			isa = PBXResourcesBuildPhase;
			buildActionMask = 2147483647;
			files = (
				224EFF9815A6D27600CD541C /* InfoPlist.strings in Resources */,
				224A004D15A6FFBC00CC5890 /* GSEMenuViewController.xib in Resources */,
			);
			runOnlyForDeploymentPostprocessing = 0;
		};
/* End PBXResourcesBuildPhase section */

/* Begin PBXSourcesBuildPhase section */
		224EFF8815A6D27600CD541C /* Sources */ = {
			isa = PBXSourcesBuildPhase;
			buildActionMask = 2147483647;
			files = (
				224EFF9A15A6D27600CD541C /* main.m in Sources */,
				224EFF9E15A6D27600CD541C /* GSEAppDelegate.m in Sources */,
				224EFFAD15A6D39200CD541C /* GSERootViewController.m in Sources */,
				224EFFB615A6D7D000CD541C /* GSEConfigurationViewController.m in Sources */,
				224A004A15A6FD9B00CC5890 /* GSEMenuViewController.m in Sources */,
			);
			runOnlyForDeploymentPostprocessing = 0;
		};
		22AD823F15A5987C0000D05C /* Sources */ = {
			isa = PBXSourcesBuildPhase;
			buildActionMask = 2147483647;
			files = (
				22AD82DE15A5A1550000D05C /* GSUserAgent.m in Sources */,
				224EFF7615A6B97F00CD541C /* GSConfiguration.m in Sources */,
				224EFF8215A6C7D100CD541C /* GSAccount.m in Sources */,
				224EFF8715A6CC1F00CD541C /* GSAccountConfiguration.m in Sources */,
				224A004515A6FA2600CC5890 /* GSPJUtil.m in Sources */,
				222D263115A702D00035CB04 /* GSDispatch.m in Sources */,
				22D43D8315AAA5FE0099C79F /* GSNotifications.m in Sources */,
				22D43D8715AAC1C40099C79F /* GSCall.m in Sources */,
			);
			runOnlyForDeploymentPostprocessing = 0;
		};
/* End PBXSourcesBuildPhase section */

/* Begin PBXTargetDependency section */
		224EFFA315A6D28800CD541C /* PBXTargetDependency */ = {
			isa = PBXTargetDependency;
			target = 22AD824215A5987C0000D05C /* Gossip */;
			targetProxy = 224EFFA215A6D28800CD541C /* PBXContainerItemProxy */;
		};
/* End PBXTargetDependency section */

/* Begin PBXVariantGroup section */
		224EFF9615A6D27600CD541C /* InfoPlist.strings */ = {
			isa = PBXVariantGroup;
			children = (
				224EFF9715A6D27600CD541C /* en */,
			);
			name = InfoPlist.strings;
			sourceTree = "<group>";
		};
/* End PBXVariantGroup section */

/* Begin XCBuildConfiguration section */
		224EFFA015A6D27600CD541C /* Debug */ = {
			isa = XCBuildConfiguration;
			buildSettings = {
				"CODE_SIGN_IDENTITY[sdk=iphoneos*]" = "iPhone Developer";
				GCC_PRECOMPILE_PREFIX_HEADER = YES;
				GCC_PREFIX_HEADER = "GSGossipExample/GSGossipExample-Prefix.pch";
				INFOPLIST_FILE = "GSGossipExample/GSGossipExample-Info.plist";
				LIBRARY_SEARCH_PATHS = (
					"$(inherited)",
					"\"$(SRCROOT)/pjsip/lib\"",
					"\"$(SRCROOT)/pjsip\"",
				);
				OTHER_LDFLAGS = "";
				PRODUCT_NAME = "$(TARGET_NAME)";
				WRAPPER_EXTENSION = app;
			};
			name = Debug;
		};
		224EFFA115A6D27600CD541C /* Release */ = {
			isa = XCBuildConfiguration;
			buildSettings = {
				"CODE_SIGN_IDENTITY[sdk=iphoneos*]" = "iPhone Developer";
				GCC_PRECOMPILE_PREFIX_HEADER = YES;
				GCC_PREFIX_HEADER = "GSGossipExample/GSGossipExample-Prefix.pch";
				INFOPLIST_FILE = "GSGossipExample/GSGossipExample-Info.plist";
				LIBRARY_SEARCH_PATHS = (
					"$(inherited)",
					"\"$(SRCROOT)/pjsip/lib\"",
					"\"$(SRCROOT)/pjsip\"",
				);
				OTHER_CFLAGS = "-DNS_BLOCK_ASSERTIONS=1";
				OTHER_LDFLAGS = "";
				PRODUCT_NAME = "$(TARGET_NAME)";
				WRAPPER_EXTENSION = app;
			};
			name = Release;
		};
		22AD824E15A5987C0000D05C /* Debug */ = {
			isa = XCBuildConfiguration;
			buildSettings = {
				ALWAYS_SEARCH_USER_PATHS = NO;
				ARCHS = "$(ARCHS_STANDARD_32_BIT)";
				CLANG_ENABLE_OBJC_ARC = YES;
				COPY_PHASE_STRIP = NO;
				GCC_C_LANGUAGE_STANDARD = gnu99;
				GCC_DYNAMIC_NO_PIC = NO;
				GCC_OPTIMIZATION_LEVEL = 0;
				GCC_PREPROCESSOR_DEFINITIONS = (
					"DEBUG=1",
					"$(inherited)",
				);
				GCC_SYMBOLS_PRIVATE_EXTERN = NO;
				GCC_VERSION = com.apple.compilers.llvm.clang.1_0;
				GCC_WARN_ABOUT_RETURN_TYPE = YES;
				GCC_WARN_UNINITIALIZED_AUTOS = YES;
				GCC_WARN_UNUSED_VARIABLE = YES;
				HEADER_SEARCH_PATHS = (
					"$(SRCROOT)/pjsip/source/pjlib/include",
					"$(SRCROOT)/pjsip/source/pjlib-util/include",
					"$(SRCROOT)/pjsip/source/pjmedia/include",
					"$(SRCROOT)/pjsip/source/pjnath/include",
					"$(SRCROOT)/pjsip/source/pjsip/include",
					"$(SRCROOT)/pjsip/source/third_party/resample/include",
					"$(SRCROOT)/pjsip/source/third_party/speex/include",
					"$(SRCROOT)/pjsip/source/third_party/srtp/crypto/include",
					"$(SRCROOT)/pjsip/source/third_party/srtp/include",
				);
				IPHONEOS_DEPLOYMENT_TARGET = 5.1;
				SDKROOT = iphoneos;
			};
			name = Debug;
		};
		22AD824F15A5987C0000D05C /* Release */ = {
			isa = XCBuildConfiguration;
			buildSettings = {
				ALWAYS_SEARCH_USER_PATHS = NO;
				ARCHS = "$(ARCHS_STANDARD_32_BIT)";
				CLANG_ENABLE_OBJC_ARC = YES;
				COPY_PHASE_STRIP = YES;
				GCC_C_LANGUAGE_STANDARD = gnu99;
				GCC_VERSION = com.apple.compilers.llvm.clang.1_0;
				GCC_WARN_ABOUT_RETURN_TYPE = YES;
				GCC_WARN_UNINITIALIZED_AUTOS = YES;
				GCC_WARN_UNUSED_VARIABLE = YES;
				HEADER_SEARCH_PATHS = (
					"$(SRCROOT)/pjsip/source/pjlib/includexxx",
					"$(SRCROOT)/pjsip/source/pjlib/include",
				);
				IPHONEOS_DEPLOYMENT_TARGET = 5.1;
				SDKROOT = iphoneos;
				VALIDATE_PRODUCT = YES;
			};
			name = Release;
		};
		22AD825115A5987C0000D05C /* Debug */ = {
			isa = XCBuildConfiguration;
			buildSettings = {
				DSTROOT = /tmp/Gossip.dst;
				GCC_PRECOMPILE_PREFIX_HEADER = YES;
				GCC_PREFIX_HEADER = "";
				LIBRARY_SEARCH_PATHS = (
					"$(inherited)",
					"\"$(SRCROOT)/pjsip/lib\"",
					"\"$(SRCROOT)/pjsip\"",
				);
				OTHER_LDFLAGS = "-ObjC";
				PRODUCT_NAME = "$(TARGET_NAME)";
				SKIP_INSTALL = YES;
			};
			name = Debug;
		};
		22AD825215A5987C0000D05C /* Release */ = {
			isa = XCBuildConfiguration;
			buildSettings = {
				DSTROOT = /tmp/Gossip.dst;
				GCC_PRECOMPILE_PREFIX_HEADER = YES;
				GCC_PREFIX_HEADER = "";
				LIBRARY_SEARCH_PATHS = (
					"$(inherited)",
					"\"$(SRCROOT)/pjsip/lib\"",
					"\"$(SRCROOT)/pjsip\"",
				);
				OTHER_LDFLAGS = "-ObjC";
				PRODUCT_NAME = "$(TARGET_NAME)";
				SKIP_INSTALL = YES;
			};
			name = Release;
		};
/* End XCBuildConfiguration section */

/* Begin XCConfigurationList section */
		224EFF9F15A6D27600CD541C /* Build configuration list for PBXNativeTarget "GossipExample" */ = {
			isa = XCConfigurationList;
			buildConfigurations = (
				224EFFA015A6D27600CD541C /* Debug */,
				224EFFA115A6D27600CD541C /* Release */,
			);
			defaultConfigurationIsVisible = 0;
			defaultConfigurationName = Release;
		};
		22AD823D15A5987C0000D05C /* Build configuration list for PBXProject "Gossip" */ = {
			isa = XCConfigurationList;
			buildConfigurations = (
				22AD824E15A5987C0000D05C /* Debug */,
				22AD824F15A5987C0000D05C /* Release */,
			);
			defaultConfigurationIsVisible = 0;
			defaultConfigurationName = Release;
		};
		22AD825015A5987C0000D05C /* Build configuration list for PBXNativeTarget "Gossip" */ = {
			isa = XCConfigurationList;
			buildConfigurations = (
				22AD825115A5987C0000D05C /* Debug */,
				22AD825215A5987C0000D05C /* Release */,
			);
			defaultConfigurationIsVisible = 0;
			defaultConfigurationName = Release;
		};
/* End XCConfigurationList section */
	};
	rootObject = 22AD823A15A5987C0000D05C /* Project object */;
}
