// !$*UTF8*$!
{
	archiveVersion = 1;
	classes = {
	};
	objectVersion = 46;
	objects = {

/* Begin PBXBuildFile section */
		224EFF7515A6B97F00CD541C /* GSConfiguration.h in Headers */ = {isa = PBXBuildFile; fileRef = 224EFF7315A6B97F00CD541C /* GSConfiguration.h */; settings = {ATTRIBUTES = (Private, ); }; };
		224EFF7615A6B97F00CD541C /* GSConfiguration.m in Sources */ = {isa = PBXBuildFile; fileRef = 224EFF7415A6B97F00CD541C /* GSConfiguration.m */; };
		224EFF7915A6BAEC00CD541C /* Gossip.h in Headers */ = {isa = PBXBuildFile; fileRef = 224EFF7815A6BA9000CD541C /* Gossip.h */; settings = {ATTRIBUTES = (Public, ); }; };
		224EFF7C15A6C29500CD541C /* NSString+pj_str_t.h in Headers */ = {isa = PBXBuildFile; fileRef = 224EFF7A15A6C29400CD541C /* NSString+pj_str_t.h */; };
		224EFF7D15A6C29500CD541C /* NSString+pj_str_t.m in Sources */ = {isa = PBXBuildFile; fileRef = 224EFF7B15A6C29500CD541C /* NSString+pj_str_t.m */; };
		22AD824715A5987C0000D05C /* Foundation.framework in Frameworks */ = {isa = PBXBuildFile; fileRef = 22AD824615A5987C0000D05C /* Foundation.framework */; };
		22AD82C515A5A0350000D05C /* libg7221codec-arm-apple-darwin9.a in Frameworks */ = {isa = PBXBuildFile; fileRef = 22AD82B215A5A0350000D05C /* libg7221codec-arm-apple-darwin9.a */; };
		22AD82C615A5A0350000D05C /* libgsmcodec-arm-apple-darwin9.a in Frameworks */ = {isa = PBXBuildFile; fileRef = 22AD82B315A5A0350000D05C /* libgsmcodec-arm-apple-darwin9.a */; };
		22AD82C715A5A0350000D05C /* libilbccodec-arm-apple-darwin9.a in Frameworks */ = {isa = PBXBuildFile; fileRef = 22AD82B415A5A0350000D05C /* libilbccodec-arm-apple-darwin9.a */; };
		22AD82C815A5A0350000D05C /* libmilenage-arm-apple-darwin9.a in Frameworks */ = {isa = PBXBuildFile; fileRef = 22AD82B515A5A0350000D05C /* libmilenage-arm-apple-darwin9.a */; };
		22AD82C915A5A0350000D05C /* libpj-arm-apple-darwin9.a in Frameworks */ = {isa = PBXBuildFile; fileRef = 22AD82B615A5A0350000D05C /* libpj-arm-apple-darwin9.a */; };
		22AD82CA15A5A0350000D05C /* libpjlib-util-arm-apple-darwin9.a in Frameworks */ = {isa = PBXBuildFile; fileRef = 22AD82B715A5A0350000D05C /* libpjlib-util-arm-apple-darwin9.a */; };
		22AD82CB15A5A0350000D05C /* libpjmedia-arm-apple-darwin9.a in Frameworks */ = {isa = PBXBuildFile; fileRef = 22AD82B815A5A0350000D05C /* libpjmedia-arm-apple-darwin9.a */; };
		22AD82CC15A5A0350000D05C /* libpjmedia-audiodev-arm-apple-darwin9.a in Frameworks */ = {isa = PBXBuildFile; fileRef = 22AD82B915A5A0350000D05C /* libpjmedia-audiodev-arm-apple-darwin9.a */; };
		22AD82CD15A5A0350000D05C /* libpjmedia-codec-arm-apple-darwin9.a in Frameworks */ = {isa = PBXBuildFile; fileRef = 22AD82BA15A5A0350000D05C /* libpjmedia-codec-arm-apple-darwin9.a */; };
		22AD82CE15A5A0350000D05C /* libpjmedia-videodev-arm-apple-darwin9.a in Frameworks */ = {isa = PBXBuildFile; fileRef = 22AD82BB15A5A0350000D05C /* libpjmedia-videodev-arm-apple-darwin9.a */; };
		22AD82CF15A5A0350000D05C /* libpjnath-arm-apple-darwin9.a in Frameworks */ = {isa = PBXBuildFile; fileRef = 22AD82BC15A5A0350000D05C /* libpjnath-arm-apple-darwin9.a */; };
		22AD82D015A5A0350000D05C /* libpjsdp-arm-apple-darwin9.a in Frameworks */ = {isa = PBXBuildFile; fileRef = 22AD82BD15A5A0350000D05C /* libpjsdp-arm-apple-darwin9.a */; };
		22AD82D115A5A0350000D05C /* libpjsip-arm-apple-darwin9.a in Frameworks */ = {isa = PBXBuildFile; fileRef = 22AD82BE15A5A0350000D05C /* libpjsip-arm-apple-darwin9.a */; };
		22AD82D215A5A0350000D05C /* libpjsip-simple-arm-apple-darwin9.a in Frameworks */ = {isa = PBXBuildFile; fileRef = 22AD82BF15A5A0350000D05C /* libpjsip-simple-arm-apple-darwin9.a */; };
		22AD82D315A5A0350000D05C /* libpjsip-ua-arm-apple-darwin9.a in Frameworks */ = {isa = PBXBuildFile; fileRef = 22AD82C015A5A0350000D05C /* libpjsip-ua-arm-apple-darwin9.a */; };
		22AD82D415A5A0350000D05C /* libpjsua-arm-apple-darwin9.a in Frameworks */ = {isa = PBXBuildFile; fileRef = 22AD82C115A5A0350000D05C /* libpjsua-arm-apple-darwin9.a */; };
		22AD82D515A5A0350000D05C /* libresample-arm-apple-darwin9.a in Frameworks */ = {isa = PBXBuildFile; fileRef = 22AD82C215A5A0350000D05C /* libresample-arm-apple-darwin9.a */; };
		22AD82D615A5A0350000D05C /* libspeex-arm-apple-darwin9.a in Frameworks */ = {isa = PBXBuildFile; fileRef = 22AD82C315A5A0350000D05C /* libspeex-arm-apple-darwin9.a */; };
		22AD82D715A5A0350000D05C /* libsrtp-arm-apple-darwin9.a in Frameworks */ = {isa = PBXBuildFile; fileRef = 22AD82C415A5A0350000D05C /* libsrtp-arm-apple-darwin9.a */; };
		22AD82D915A5A03B0000D05C /* libg729a.a in Frameworks */ = {isa = PBXBuildFile; fileRef = 22AD82D815A5A03B0000D05C /* libg729a.a */; };
		22AD82DD15A5A1550000D05C /* GSUserAgent.h in Headers */ = {isa = PBXBuildFile; fileRef = 22AD82DB15A5A1550000D05C /* GSUserAgent.h */; settings = {ATTRIBUTES = (Private, ); }; };
		22AD82DE15A5A1550000D05C /* GSUserAgent.m in Sources */ = {isa = PBXBuildFile; fileRef = 22AD82DC15A5A1550000D05C /* GSUserAgent.m */; };
		22AD82EE15A5A7340000D05C /* NSError+pj_status_t.h in Headers */ = {isa = PBXBuildFile; fileRef = 22AD82EC15A5A7340000D05C /* NSError+pj_status_t.h */; settings = {ATTRIBUTES = (); }; };
		22AD82EF15A5A7340000D05C /* NSError+pj_status_t.m in Sources */ = {isa = PBXBuildFile; fileRef = 22AD82ED15A5A7340000D05C /* NSError+pj_status_t.m */; };
/* End PBXBuildFile section */

/* Begin PBXFileReference section */
		224EFF7115A6B2A900CD541C /* Util.h */ = {isa = PBXFileReference; lastKnownFileType = sourcecode.c.h; path = Util.h; sourceTree = "<group>"; };
		224EFF7315A6B97F00CD541C /* GSConfiguration.h */ = {isa = PBXFileReference; fileEncoding = 4; lastKnownFileType = sourcecode.c.h; path = GSConfiguration.h; sourceTree = "<group>"; };
		224EFF7415A6B97F00CD541C /* GSConfiguration.m */ = {isa = PBXFileReference; fileEncoding = 4; lastKnownFileType = sourcecode.c.objc; path = GSConfiguration.m; sourceTree = "<group>"; };
		224EFF7815A6BA9000CD541C /* Gossip.h */ = {isa = PBXFileReference; lastKnownFileType = sourcecode.c.h; path = Gossip.h; sourceTree = "<group>"; };
		224EFF7A15A6C29400CD541C /* NSString+pj_str_t.h */ = {isa = PBXFileReference; fileEncoding = 4; lastKnownFileType = sourcecode.c.h; path = "NSString+pj_str_t.h"; sourceTree = "<group>"; };
		224EFF7B15A6C29500CD541C /* NSString+pj_str_t.m */ = {isa = PBXFileReference; fileEncoding = 4; lastKnownFileType = sourcecode.c.objc; path = "NSString+pj_str_t.m"; sourceTree = "<group>"; };
		22AD824315A5987C0000D05C /* libGossip.a */ = {isa = PBXFileReference; explicitFileType = archive.ar; includeInIndex = 0; path = libGossip.a; sourceTree = BUILT_PRODUCTS_DIR; };
		22AD824615A5987C0000D05C /* Foundation.framework */ = {isa = PBXFileReference; lastKnownFileType = wrapper.framework; name = Foundation.framework; path = System/Library/Frameworks/Foundation.framework; sourceTree = SDKROOT; };
		22AD824A15A5987C0000D05C /* Gossip-Prefix.pch */ = {isa = PBXFileReference; lastKnownFileType = sourcecode.c.h; path = "Gossip-Prefix.pch"; sourceTree = "<group>"; };
		22AD82B215A5A0350000D05C /* libg7221codec-arm-apple-darwin9.a */ = {isa = PBXFileReference; lastKnownFileType = archive.ar; name = "libg7221codec-arm-apple-darwin9.a"; path = "pjsip/lib/libg7221codec-arm-apple-darwin9.a"; sourceTree = "<group>"; };
		22AD82B315A5A0350000D05C /* libgsmcodec-arm-apple-darwin9.a */ = {isa = PBXFileReference; lastKnownFileType = archive.ar; name = "libgsmcodec-arm-apple-darwin9.a"; path = "pjsip/lib/libgsmcodec-arm-apple-darwin9.a"; sourceTree = "<group>"; };
		22AD82B415A5A0350000D05C /* libilbccodec-arm-apple-darwin9.a */ = {isa = PBXFileReference; lastKnownFileType = archive.ar; name = "libilbccodec-arm-apple-darwin9.a"; path = "pjsip/lib/libilbccodec-arm-apple-darwin9.a"; sourceTree = "<group>"; };
		22AD82B515A5A0350000D05C /* libmilenage-arm-apple-darwin9.a */ = {isa = PBXFileReference; lastKnownFileType = archive.ar; name = "libmilenage-arm-apple-darwin9.a"; path = "pjsip/lib/libmilenage-arm-apple-darwin9.a"; sourceTree = "<group>"; };
		22AD82B615A5A0350000D05C /* libpj-arm-apple-darwin9.a */ = {isa = PBXFileReference; lastKnownFileType = archive.ar; name = "libpj-arm-apple-darwin9.a"; path = "pjsip/lib/libpj-arm-apple-darwin9.a"; sourceTree = "<group>"; };
		22AD82B715A5A0350000D05C /* libpjlib-util-arm-apple-darwin9.a */ = {isa = PBXFileReference; lastKnownFileType = archive.ar; name = "libpjlib-util-arm-apple-darwin9.a"; path = "pjsip/lib/libpjlib-util-arm-apple-darwin9.a"; sourceTree = "<group>"; };
		22AD82B815A5A0350000D05C /* libpjmedia-arm-apple-darwin9.a */ = {isa = PBXFileReference; lastKnownFileType = archive.ar; name = "libpjmedia-arm-apple-darwin9.a"; path = "pjsip/lib/libpjmedia-arm-apple-darwin9.a"; sourceTree = "<group>"; };
		22AD82B915A5A0350000D05C /* libpjmedia-audiodev-arm-apple-darwin9.a */ = {isa = PBXFileReference; lastKnownFileType = archive.ar; name = "libpjmedia-audiodev-arm-apple-darwin9.a"; path = "pjsip/lib/libpjmedia-audiodev-arm-apple-darwin9.a"; sourceTree = "<group>"; };
		22AD82BA15A5A0350000D05C /* libpjmedia-codec-arm-apple-darwin9.a */ = {isa = PBXFileReference; lastKnownFileType = archive.ar; name = "libpjmedia-codec-arm-apple-darwin9.a"; path = "pjsip/lib/libpjmedia-codec-arm-apple-darwin9.a"; sourceTree = "<group>"; };
		22AD82BB15A5A0350000D05C /* libpjmedia-videodev-arm-apple-darwin9.a */ = {isa = PBXFileReference; lastKnownFileType = archive.ar; name = "libpjmedia-videodev-arm-apple-darwin9.a"; path = "pjsip/lib/libpjmedia-videodev-arm-apple-darwin9.a"; sourceTree = "<group>"; };
		22AD82BC15A5A0350000D05C /* libpjnath-arm-apple-darwin9.a */ = {isa = PBXFileReference; lastKnownFileType = archive.ar; name = "libpjnath-arm-apple-darwin9.a"; path = "pjsip/lib/libpjnath-arm-apple-darwin9.a"; sourceTree = "<group>"; };
		22AD82BD15A5A0350000D05C /* libpjsdp-arm-apple-darwin9.a */ = {isa = PBXFileReference; lastKnownFileType = archive.ar; name = "libpjsdp-arm-apple-darwin9.a"; path = "pjsip/lib/libpjsdp-arm-apple-darwin9.a"; sourceTree = "<group>"; };
		22AD82BE15A5A0350000D05C /* libpjsip-arm-apple-darwin9.a */ = {isa = PBXFileReference; lastKnownFileType = archive.ar; name = "libpjsip-arm-apple-darwin9.a"; path = "pjsip/lib/libpjsip-arm-apple-darwin9.a"; sourceTree = "<group>"; };
		22AD82BF15A5A0350000D05C /* libpjsip-simple-arm-apple-darwin9.a */ = {isa = PBXFileReference; lastKnownFileType = archive.ar; name = "libpjsip-simple-arm-apple-darwin9.a"; path = "pjsip/lib/libpjsip-simple-arm-apple-darwin9.a"; sourceTree = "<group>"; };
		22AD82C015A5A0350000D05C /* libpjsip-ua-arm-apple-darwin9.a */ = {isa = PBXFileReference; lastKnownFileType = archive.ar; name = "libpjsip-ua-arm-apple-darwin9.a"; path = "pjsip/lib/libpjsip-ua-arm-apple-darwin9.a"; sourceTree = "<group>"; };
		22AD82C115A5A0350000D05C /* libpjsua-arm-apple-darwin9.a */ = {isa = PBXFileReference; lastKnownFileType = archive.ar; name = "libpjsua-arm-apple-darwin9.a"; path = "pjsip/lib/libpjsua-arm-apple-darwin9.a"; sourceTree = "<group>"; };
		22AD82C215A5A0350000D05C /* libresample-arm-apple-darwin9.a */ = {isa = PBXFileReference; lastKnownFileType = archive.ar; name = "libresample-arm-apple-darwin9.a"; path = "pjsip/lib/libresample-arm-apple-darwin9.a"; sourceTree = "<group>"; };
		22AD82C315A5A0350000D05C /* libspeex-arm-apple-darwin9.a */ = {isa = PBXFileReference; lastKnownFileType = archive.ar; name = "libspeex-arm-apple-darwin9.a"; path = "pjsip/lib/libspeex-arm-apple-darwin9.a"; sourceTree = "<group>"; };
		22AD82C415A5A0350000D05C /* libsrtp-arm-apple-darwin9.a */ = {isa = PBXFileReference; lastKnownFileType = archive.ar; name = "libsrtp-arm-apple-darwin9.a"; path = "pjsip/lib/libsrtp-arm-apple-darwin9.a"; sourceTree = "<group>"; };
		22AD82D815A5A03B0000D05C /* libg729a.a */ = {isa = PBXFileReference; lastKnownFileType = archive.ar; name = libg729a.a; path = pjsip/libg729a.a; sourceTree = "<group>"; };
		22AD82DB15A5A1550000D05C /* GSUserAgent.h */ = {isa = PBXFileReference; fileEncoding = 4; lastKnownFileType = sourcecode.c.h; path = GSUserAgent.h; sourceTree = "<group>"; };
		22AD82DC15A5A1550000D05C /* GSUserAgent.m */ = {isa = PBXFileReference; fileEncoding = 4; lastKnownFileType = sourcecode.c.objc; path = GSUserAgent.m; sourceTree = "<group>"; };
		22AD82EA15A5A3CC0000D05C /* PJSIP.h */ = {isa = PBXFileReference; lastKnownFileType = sourcecode.c.h; path = PJSIP.h; sourceTree = "<group>"; };
		22AD82EC15A5A7340000D05C /* NSError+pj_status_t.h */ = {isa = PBXFileReference; fileEncoding = 4; lastKnownFileType = sourcecode.c.h; path = "NSError+pj_status_t.h"; sourceTree = "<group>"; };
		22AD82ED15A5A7340000D05C /* NSError+pj_status_t.m */ = {isa = PBXFileReference; fileEncoding = 4; lastKnownFileType = sourcecode.c.objc; path = "NSError+pj_status_t.m"; sourceTree = "<group>"; };
/* End PBXFileReference section */

/* Begin PBXFrameworksBuildPhase section */
		22AD824015A5987C0000D05C /* Frameworks */ = {
			isa = PBXFrameworksBuildPhase;
			buildActionMask = 2147483647;
			files = (
				22AD824715A5987C0000D05C /* Foundation.framework in Frameworks */,
				22AD82C515A5A0350000D05C /* libg7221codec-arm-apple-darwin9.a in Frameworks */,
				22AD82C615A5A0350000D05C /* libgsmcodec-arm-apple-darwin9.a in Frameworks */,
				22AD82C715A5A0350000D05C /* libilbccodec-arm-apple-darwin9.a in Frameworks */,
				22AD82C815A5A0350000D05C /* libmilenage-arm-apple-darwin9.a in Frameworks */,
				22AD82C915A5A0350000D05C /* libpj-arm-apple-darwin9.a in Frameworks */,
				22AD82CA15A5A0350000D05C /* libpjlib-util-arm-apple-darwin9.a in Frameworks */,
				22AD82CB15A5A0350000D05C /* libpjmedia-arm-apple-darwin9.a in Frameworks */,
				22AD82CC15A5A0350000D05C /* libpjmedia-audiodev-arm-apple-darwin9.a in Frameworks */,
				22AD82CD15A5A0350000D05C /* libpjmedia-codec-arm-apple-darwin9.a in Frameworks */,
				22AD82CE15A5A0350000D05C /* libpjmedia-videodev-arm-apple-darwin9.a in Frameworks */,
				22AD82CF15A5A0350000D05C /* libpjnath-arm-apple-darwin9.a in Frameworks */,
				22AD82D015A5A0350000D05C /* libpjsdp-arm-apple-darwin9.a in Frameworks */,
				22AD82D115A5A0350000D05C /* libpjsip-arm-apple-darwin9.a in Frameworks */,
				22AD82D215A5A0350000D05C /* libpjsip-simple-arm-apple-darwin9.a in Frameworks */,
				22AD82D315A5A0350000D05C /* libpjsip-ua-arm-apple-darwin9.a in Frameworks */,
				22AD82D415A5A0350000D05C /* libpjsua-arm-apple-darwin9.a in Frameworks */,
				22AD82D515A5A0350000D05C /* libresample-arm-apple-darwin9.a in Frameworks */,
				22AD82D615A5A0350000D05C /* libspeex-arm-apple-darwin9.a in Frameworks */,
				22AD82D715A5A0350000D05C /* libsrtp-arm-apple-darwin9.a in Frameworks */,
				22AD82D915A5A03B0000D05C /* libg729a.a in Frameworks */,
			);
			runOnlyForDeploymentPostprocessing = 0;
		};
/* End PBXFrameworksBuildPhase section */

/* Begin PBXGroup section */
		224EFF7E15A6C29900CD541C /* Util */ = {
			isa = PBXGroup;
			children = (
				22AD82EC15A5A7340000D05C /* NSError+pj_status_t.h */,
				224EFF7A15A6C29400CD541C /* NSString+pj_str_t.h */,
				22AD82EA15A5A3CC0000D05C /* PJSIP.h */,
				224EFF7115A6B2A900CD541C /* Util.h */,
				22AD82ED15A5A7340000D05C /* NSError+pj_status_t.m */,
				224EFF7B15A6C29500CD541C /* NSString+pj_str_t.m */,
				22AD824A15A5987C0000D05C /* Gossip-Prefix.pch */,
			);
			name = Util;
			sourceTree = "<group>";
		};
		22AD823815A5987C0000D05C = {
			isa = PBXGroup;
			children = (
				22AD824815A5987C0000D05C /* Gossip */,
				22AD824515A5987C0000D05C /* Frameworks */,
				22AD824415A5987C0000D05C /* Products */,
			);
			sourceTree = "<group>";
		};
		22AD824415A5987C0000D05C /* Products */ = {
			isa = PBXGroup;
			children = (
				22AD824315A5987C0000D05C /* libGossip.a */,
			);
			name = Products;
			sourceTree = "<group>";
		};
		22AD824515A5987C0000D05C /* Frameworks */ = {
			isa = PBXGroup;
			children = (
				22AD824615A5987C0000D05C /* Foundation.framework */,
				22AD826415A59F7D0000D05C /* PJSIP */,
			);
			name = Frameworks;
			sourceTree = "<group>";
		};
		22AD824815A5987C0000D05C /* Gossip */ = {
			isa = PBXGroup;
			children = (
				224EFF7815A6BA9000CD541C /* Gossip.h */,
				224EFF7315A6B97F00CD541C /* GSConfiguration.h */,
				22AD82DB15A5A1550000D05C /* GSUserAgent.h */,
				224EFF7415A6B97F00CD541C /* GSConfiguration.m */,
				22AD82DC15A5A1550000D05C /* GSUserAgent.m */,
				224EFF7E15A6C29900CD541C /* Util */,
			);
			path = Gossip;
			sourceTree = "<group>";
		};
		22AD826415A59F7D0000D05C /* PJSIP */ = {
			isa = PBXGroup;
			children = (
				22AD82B215A5A0350000D05C /* libg7221codec-arm-apple-darwin9.a */,
				22AD82D815A5A03B0000D05C /* libg729a.a */,
				22AD82B315A5A0350000D05C /* libgsmcodec-arm-apple-darwin9.a */,
				22AD82B415A5A0350000D05C /* libilbccodec-arm-apple-darwin9.a */,
				22AD82B515A5A0350000D05C /* libmilenage-arm-apple-darwin9.a */,
				22AD82B615A5A0350000D05C /* libpj-arm-apple-darwin9.a */,
				22AD82B715A5A0350000D05C /* libpjlib-util-arm-apple-darwin9.a */,
				22AD82B815A5A0350000D05C /* libpjmedia-arm-apple-darwin9.a */,
				22AD82B915A5A0350000D05C /* libpjmedia-audiodev-arm-apple-darwin9.a */,
				22AD82BA15A5A0350000D05C /* libpjmedia-codec-arm-apple-darwin9.a */,
				22AD82BB15A5A0350000D05C /* libpjmedia-videodev-arm-apple-darwin9.a */,
				22AD82BC15A5A0350000D05C /* libpjnath-arm-apple-darwin9.a */,
				22AD82BD15A5A0350000D05C /* libpjsdp-arm-apple-darwin9.a */,
				22AD82BE15A5A0350000D05C /* libpjsip-arm-apple-darwin9.a */,
				22AD82BF15A5A0350000D05C /* libpjsip-simple-arm-apple-darwin9.a */,
				22AD82C015A5A0350000D05C /* libpjsip-ua-arm-apple-darwin9.a */,
				22AD82C115A5A0350000D05C /* libpjsua-arm-apple-darwin9.a */,
				22AD82C215A5A0350000D05C /* libresample-arm-apple-darwin9.a */,
				22AD82C315A5A0350000D05C /* libspeex-arm-apple-darwin9.a */,
				22AD82C415A5A0350000D05C /* libsrtp-arm-apple-darwin9.a */,
			);
			name = PJSIP;
			sourceTree = "<group>";
		};
/* End PBXGroup section */

/* Begin PBXHeadersBuildPhase section */
		22AD824115A5987C0000D05C /* Headers */ = {
			isa = PBXHeadersBuildPhase;
			buildActionMask = 2147483647;
			files = (
				224EFF7915A6BAEC00CD541C /* Gossip.h in Headers */,
				22AD82DD15A5A1550000D05C /* GSUserAgent.h in Headers */,
				224EFF7515A6B97F00CD541C /* GSConfiguration.h in Headers */,
				22AD82EE15A5A7340000D05C /* NSError+pj_status_t.h in Headers */,
				224EFF7C15A6C29500CD541C /* NSString+pj_str_t.h in Headers */,
			);
			runOnlyForDeploymentPostprocessing = 0;
		};
/* End PBXHeadersBuildPhase section */

/* Begin PBXNativeTarget section */
		22AD824215A5987C0000D05C /* Gossip */ = {
			isa = PBXNativeTarget;
			buildConfigurationList = 22AD825015A5987C0000D05C /* Build configuration list for PBXNativeTarget "Gossip" */;
			buildPhases = (
				22AD823F15A5987C0000D05C /* Sources */,
				22AD824015A5987C0000D05C /* Frameworks */,
				22AD824115A5987C0000D05C /* Headers */,
			);
			buildRules = (
			);
			dependencies = (
			);
			name = Gossip;
			productName = Gossip;
			productReference = 22AD824315A5987C0000D05C /* libGossip.a */;
			productType = "com.apple.product-type.library.static";
		};
/* End PBXNativeTarget section */

/* Begin PBXProject section */
		22AD823A15A5987C0000D05C /* Project object */ = {
			isa = PBXProject;
			attributes = {
				CLASSPREFIX = GS;
				LastUpgradeCheck = 0430;
				ORGANIZATIONNAME = "";
			};
			buildConfigurationList = 22AD823D15A5987C0000D05C /* Build configuration list for PBXProject "Gossip" */;
			compatibilityVersion = "Xcode 3.2";
			developmentRegion = English;
			hasScannedForEncodings = 0;
			knownRegions = (
				en,
			);
			mainGroup = 22AD823815A5987C0000D05C;
			productRefGroup = 22AD824415A5987C0000D05C /* Products */;
			projectDirPath = "";
			projectRoot = "";
			targets = (
				22AD824215A5987C0000D05C /* Gossip */,
			);
		};
/* End PBXProject section */

/* Begin PBXSourcesBuildPhase section */
		22AD823F15A5987C0000D05C /* Sources */ = {
			isa = PBXSourcesBuildPhase;
			buildActionMask = 2147483647;
			files = (
				22AD82DE15A5A1550000D05C /* GSUserAgent.m in Sources */,
				22AD82EF15A5A7340000D05C /* NSError+pj_status_t.m in Sources */,
				224EFF7615A6B97F00CD541C /* GSConfiguration.m in Sources */,
				224EFF7D15A6C29500CD541C /* NSString+pj_str_t.m in Sources */,
			);
			runOnlyForDeploymentPostprocessing = 0;
		};
/* End PBXSourcesBuildPhase section */

/* Begin XCBuildConfiguration section */
		22AD824E15A5987C0000D05C /* Debug */ = {
			isa = XCBuildConfiguration;
			buildSettings = {
				ALWAYS_SEARCH_USER_PATHS = NO;
				ARCHS = "$(ARCHS_STANDARD_32_BIT)";
				CLANG_ENABLE_OBJC_ARC = YES;
				COPY_PHASE_STRIP = NO;
				GCC_C_LANGUAGE_STANDARD = gnu99;
				GCC_DYNAMIC_NO_PIC = NO;
				GCC_OPTIMIZATION_LEVEL = 0;
				GCC_PREPROCESSOR_DEFINITIONS = (
					"DEBUG=1",
					"$(inherited)",
				);
				GCC_SYMBOLS_PRIVATE_EXTERN = NO;
				GCC_VERSION = com.apple.compilers.llvm.clang.1_0;
				GCC_WARN_ABOUT_RETURN_TYPE = YES;
				GCC_WARN_UNINITIALIZED_AUTOS = YES;
				GCC_WARN_UNUSED_VARIABLE = YES;
				HEADER_SEARCH_PATHS = (
					"$(SRCROOT)/pjsip/source/pjlib/include",
					"$(SRCROOT)/pjsip/source/pjlib-util/include",
					"$(SRCROOT)/pjsip/source/pjmedia/include",
					"$(SRCROOT)/pjsip/source/pjnath/include",
					"$(SRCROOT)/pjsip/source/pjsip/include",
					"$(SRCROOT)/pjsip/source/third_party/resample/include",
					"$(SRCROOT)/pjsip/source/third_party/speex/include",
					"$(SRCROOT)/pjsip/source/third_party/srtp/crypto/include",
					"$(SRCROOT)/pjsip/source/third_party/srtp/include",
				);
				IPHONEOS_DEPLOYMENT_TARGET = 5.1;
				SDKROOT = iphoneos;
			};
			name = Debug;
		};
		22AD824F15A5987C0000D05C /* Release */ = {
			isa = XCBuildConfiguration;
			buildSettings = {
				ALWAYS_SEARCH_USER_PATHS = NO;
				ARCHS = "$(ARCHS_STANDARD_32_BIT)";
				CLANG_ENABLE_OBJC_ARC = YES;
				COPY_PHASE_STRIP = YES;
				GCC_C_LANGUAGE_STANDARD = gnu99;
				GCC_VERSION = com.apple.compilers.llvm.clang.1_0;
				GCC_WARN_ABOUT_RETURN_TYPE = YES;
				GCC_WARN_UNINITIALIZED_AUTOS = YES;
				GCC_WARN_UNUSED_VARIABLE = YES;
				HEADER_SEARCH_PATHS = (
					"$(SRCROOT)/pjsip/source/pjlib/includexxx",
					"$(SRCROOT)/pjsip/source/pjlib/include",
				);
				IPHONEOS_DEPLOYMENT_TARGET = 5.1;
				SDKROOT = iphoneos;
				VALIDATE_PRODUCT = YES;
			};
			name = Release;
		};
		22AD825115A5987C0000D05C /* Debug */ = {
			isa = XCBuildConfiguration;
			buildSettings = {
				DSTROOT = /tmp/Gossip.dst;
				GCC_PRECOMPILE_PREFIX_HEADER = YES;
				GCC_PREFIX_HEADER = "Gossip/Gossip-Prefix.pch";
				LIBRARY_SEARCH_PATHS = (
					"$(inherited)",
					"\"$(SRCROOT)/pjsip/lib\"",
					"\"$(SRCROOT)/pjsip\"",
				);
				OTHER_LDFLAGS = "-ObjC";
				PRODUCT_NAME = "$(TARGET_NAME)";
				SKIP_INSTALL = YES;
			};
			name = Debug;
		};
		22AD825215A5987C0000D05C /* Release */ = {
			isa = XCBuildConfiguration;
			buildSettings = {
				DSTROOT = /tmp/Gossip.dst;
				GCC_PRECOMPILE_PREFIX_HEADER = YES;
				GCC_PREFIX_HEADER = "Gossip/Gossip-Prefix.pch";
				LIBRARY_SEARCH_PATHS = (
					"$(inherited)",
					"\"$(SRCROOT)/pjsip/lib\"",
					"\"$(SRCROOT)/pjsip\"",
				);
				OTHER_LDFLAGS = "-ObjC";
				PRODUCT_NAME = "$(TARGET_NAME)";
				SKIP_INSTALL = YES;
			};
			name = Release;
		};
/* End XCBuildConfiguration section */

/* Begin XCConfigurationList section */
		22AD823D15A5987C0000D05C /* Build configuration list for PBXProject "Gossip" */ = {
			isa = XCConfigurationList;
			buildConfigurations = (
				22AD824E15A5987C0000D05C /* Debug */,
				22AD824F15A5987C0000D05C /* Release */,
			);
			defaultConfigurationIsVisible = 0;
			defaultConfigurationName = Release;
		};
		22AD825015A5987C0000D05C /* Build configuration list for PBXNativeTarget "Gossip" */ = {
			isa = XCConfigurationList;
			buildConfigurations = (
				22AD825115A5987C0000D05C /* Debug */,
				22AD825215A5987C0000D05C /* Release */,
			);
			defaultConfigurationIsVisible = 0;
			defaultConfigurationName = Release;
		};
/* End XCConfigurationList section */
	};
	rootObject = 22AD823A15A5987C0000D05C /* Project object */;
}
