// !$*UTF8*$!
{
	archiveVersion = 1;
	classes = {
	};
	objectVersion = 46;
	objects = {

/* Begin PBXBuildFile section */
		221BED7F15B0310000464679 /* GSECodecsViewController.m in Sources */ = {isa = PBXBuildFile; fileRef = 221BED7E15B0310000464679 /* GSECodecsViewController.m */; };
		221BED8315B0338F00464679 /* GSCodecInfo.h in Headers */ = {isa = PBXBuildFile; fileRef = 221BED8115B0338F00464679 /* GSCodecInfo.h */; settings = {ATTRIBUTES = (Private, ); }; };
		221BED8415B0338F00464679 /* GSCodecInfo.m in Sources */ = {isa = PBXBuildFile; fileRef = 221BED8215B0338F00464679 /* GSCodecInfo.m */; };
		221BED8715B034CD00464679 /* GSCodecInfo+Private.h in Headers */ = {isa = PBXBuildFile; fileRef = 221BED8515B034CD00464679 /* GSCodecInfo+Private.h */; };
		222D263015A702D00035CB04 /* GSDispatch.h in Headers */ = {isa = PBXBuildFile; fileRef = 222D262E15A702D00035CB04 /* GSDispatch.h */; };
		222D263115A702D00035CB04 /* GSDispatch.m in Sources */ = {isa = PBXBuildFile; fileRef = 222D262F15A702D00035CB04 /* GSDispatch.m */; };
		2242FB8B15A6D8A500B34D4F /* CoreAudio.framework in Frameworks */ = {isa = PBXBuildFile; fileRef = 2242FB8A15A6D8A500B34D4F /* CoreAudio.framework */; };
		2242FB8D15A6D8B000B34D4F /* CFNetwork.framework in Frameworks */ = {isa = PBXBuildFile; fileRef = 2242FB8C15A6D8B000B34D4F /* CFNetwork.framework */; };
		2242FB8F15A6D8D400B34D4F /* CFNetwork.framework in Frameworks */ = {isa = PBXBuildFile; fileRef = 2242FB8C15A6D8B000B34D4F /* CFNetwork.framework */; };
		2242FB9015A6D8D600B34D4F /* CoreAudio.framework in Frameworks */ = {isa = PBXBuildFile; fileRef = 2242FB8A15A6D8A500B34D4F /* CoreAudio.framework */; };
		2242FB9515A6D90000B34D4F /* AVFoundation.framework in Frameworks */ = {isa = PBXBuildFile; fileRef = 2242FB9315A6D8FC00B34D4F /* AVFoundation.framework */; };
		2242FB9615A6D90000B34D4F /* AudioToolbox.framework in Frameworks */ = {isa = PBXBuildFile; fileRef = 2242FB9115A6D8F500B34D4F /* AudioToolbox.framework */; };
		224A003B15A6F1F100CC5890 /* libGossip.a in Frameworks */ = {isa = PBXBuildFile; fileRef = 22AD824315A5987C0000D05C /* libGossip.a */; };
		224A003C15A6F21100CC5890 /* PJSIP.h in Headers */ = {isa = PBXBuildFile; fileRef = 22AD82EA15A5A3CC0000D05C /* PJSIP.h */; };
		224A003D15A6F21600CC5890 /* Util.h in Headers */ = {isa = PBXBuildFile; fileRef = 224EFF7115A6B2A900CD541C /* Util.h */; };
		224A004415A6FA2600CC5890 /* GSPJUtil.h in Headers */ = {isa = PBXBuildFile; fileRef = 224A004215A6FA2600CC5890 /* GSPJUtil.h */; };
		224A004515A6FA2600CC5890 /* GSPJUtil.m in Sources */ = {isa = PBXBuildFile; fileRef = 224A004315A6FA2600CC5890 /* GSPJUtil.m */; };
		224A004A15A6FD9B00CC5890 /* GSEMenuViewController.m in Sources */ = {isa = PBXBuildFile; fileRef = 224A004715A6FD9800CC5890 /* GSEMenuViewController.m */; };
		224A004D15A6FFBC00CC5890 /* GSEMenuViewController.xib in Resources */ = {isa = PBXBuildFile; fileRef = 224A004C15A6FFBC00CC5890 /* GSEMenuViewController.xib */; };
		224AFFF115A6E9C900CC5890 /* CoreMedia.framework in Frameworks */ = {isa = PBXBuildFile; fileRef = 224AFFEF15A6E9C500CC5890 /* CoreMedia.framework */; };
		224AFFF215A6E9C900CC5890 /* CoreVideo.framework in Frameworks */ = {isa = PBXBuildFile; fileRef = 224AFFED15A6E9AB00CC5890 /* CoreVideo.framework */; };
		224AFFF315A6E9D200CC5890 /* AudioToolbox.framework in Frameworks */ = {isa = PBXBuildFile; fileRef = 2242FB9115A6D8F500B34D4F /* AudioToolbox.framework */; };
		224AFFF415A6E9D200CC5890 /* AVFoundation.framework in Frameworks */ = {isa = PBXBuildFile; fileRef = 2242FB9315A6D8FC00B34D4F /* AVFoundation.framework */; };
		224AFFF515A6E9E200CC5890 /* CoreMedia.framework in Frameworks */ = {isa = PBXBuildFile; fileRef = 224AFFEF15A6E9C500CC5890 /* CoreMedia.framework */; };
		224AFFF615A6E9E200CC5890 /* CoreVideo.framework in Frameworks */ = {isa = PBXBuildFile; fileRef = 224AFFED15A6E9AB00CC5890 /* CoreVideo.framework */; };
		224AFFF715A6E9F600CC5890 /* CoreGraphics.framework in Frameworks */ = {isa = PBXBuildFile; fileRef = 224EFF9115A6D27600CD541C /* CoreGraphics.framework */; };
		224EFF7515A6B97F00CD541C /* GSConfiguration.h in Headers */ = {isa = PBXBuildFile; fileRef = 224EFF7315A6B97F00CD541C /* GSConfiguration.h */; settings = {ATTRIBUTES = (Private, ); }; };
		224EFF7615A6B97F00CD541C /* GSConfiguration.m in Sources */ = {isa = PBXBuildFile; fileRef = 224EFF7415A6B97F00CD541C /* GSConfiguration.m */; };
		224EFF7915A6BAEC00CD541C /* Gossip.h in Headers */ = {isa = PBXBuildFile; fileRef = 224EFF7815A6BA9000CD541C /* Gossip.h */; settings = {ATTRIBUTES = (Private, ); }; };
		224EFF8115A6C7D100CD541C /* GSAccount.h in Headers */ = {isa = PBXBuildFile; fileRef = 224EFF7F15A6C7D100CD541C /* GSAccount.h */; settings = {ATTRIBUTES = (Private, ); }; };
		224EFF8215A6C7D100CD541C /* GSAccount.m in Sources */ = {isa = PBXBuildFile; fileRef = 224EFF8015A6C7D100CD541C /* GSAccount.m */; };
		224EFF8615A6CC1F00CD541C /* GSAccountConfiguration.h in Headers */ = {isa = PBXBuildFile; fileRef = 224EFF8415A6CC1F00CD541C /* GSAccountConfiguration.h */; settings = {ATTRIBUTES = (Private, ); }; };
		224EFF8715A6CC1F00CD541C /* GSAccountConfiguration.m in Sources */ = {isa = PBXBuildFile; fileRef = 224EFF8515A6CC1F00CD541C /* GSAccountConfiguration.m */; };
		224EFF8F15A6D27600CD541C /* UIKit.framework in Frameworks */ = {isa = PBXBuildFile; fileRef = 224EFF8E15A6D27600CD541C /* UIKit.framework */; };
		224EFF9015A6D27600CD541C /* Foundation.framework in Frameworks */ = {isa = PBXBuildFile; fileRef = 22AD824615A5987C0000D05C /* Foundation.framework */; };
		224EFF9215A6D27600CD541C /* CoreGraphics.framework in Frameworks */ = {isa = PBXBuildFile; fileRef = 224EFF9115A6D27600CD541C /* CoreGraphics.framework */; };
		224EFF9815A6D27600CD541C /* InfoPlist.strings in Resources */ = {isa = PBXBuildFile; fileRef = 224EFF9615A6D27600CD541C /* InfoPlist.strings */; };
		224EFF9A15A6D27600CD541C /* main.m in Sources */ = {isa = PBXBuildFile; fileRef = 224EFF9915A6D27600CD541C /* main.m */; };
		224EFF9E15A6D27600CD541C /* GSEAppDelegate.m in Sources */ = {isa = PBXBuildFile; fileRef = 224EFF9D15A6D27600CD541C /* GSEAppDelegate.m */; };
		224EFFAD15A6D39200CD541C /* GSERootViewController.m in Sources */ = {isa = PBXBuildFile; fileRef = 224EFFAA15A6D37D00CD541C /* GSERootViewController.m */; };
		224EFFB615A6D7D000CD541C /* GSEConfigurationViewController.m in Sources */ = {isa = PBXBuildFile; fileRef = 224EFFB315A6D7C300CD541C /* GSEConfigurationViewController.m */; };
		225D129615B67DA40041F416 /* GSUserAgent+Private.h in Headers */ = {isa = PBXBuildFile; fileRef = 225D129415B67DA40041F416 /* GSUserAgent+Private.h */; };
		225D129C15B6B2780041F416 /* GSNotifications.h in Headers */ = {isa = PBXBuildFile; fileRef = 22D43D8015AAA5270099C79F /* GSNotifications.h */; };
		226F92B015DB9CB00013A997 /* GSRingback.h in Headers */ = {isa = PBXBuildFile; fileRef = 226F92AE15DB9CB00013A997 /* GSRingback.h */; };
		226F92B115DB9CB00013A997 /* GSRingback.m in Sources */ = {isa = PBXBuildFile; fileRef = 226F92AF15DB9CB00013A997 /* GSRingback.m */; };
		226F92B215DB9D260013A997 /* ringtone.wav in Resources */ = {isa = PBXBuildFile; fileRef = 22C0F0F115D52676006947BC /* ringtone.wav */; };
		227F444015E23004007C364C /* GSAccount+Private.h in Headers */ = {isa = PBXBuildFile; fileRef = 227F443E15E23004007C364C /* GSAccount+Private.h */; };
		22ABC40815C7F50F001C7985 /* libg729codec-arm-apple-darwin10.a in Frameworks */ = {isa = PBXBuildFile; fileRef = 22ABC3F415C7F50F001C7985 /* libg729codec-arm-apple-darwin10.a */; };
		22ABC40915C7F50F001C7985 /* libg7221codec-arm-apple-darwin10.a in Frameworks */ = {isa = PBXBuildFile; fileRef = 22ABC3F515C7F50F001C7985 /* libg7221codec-arm-apple-darwin10.a */; };
		22ABC40A15C7F50F001C7985 /* libgsmcodec-arm-apple-darwin10.a in Frameworks */ = {isa = PBXBuildFile; fileRef = 22ABC3F615C7F50F001C7985 /* libgsmcodec-arm-apple-darwin10.a */; };
		22ABC40B15C7F50F001C7985 /* libilbccodec-arm-apple-darwin10.a in Frameworks */ = {isa = PBXBuildFile; fileRef = 22ABC3F715C7F50F001C7985 /* libilbccodec-arm-apple-darwin10.a */; };
		22ABC40C15C7F50F001C7985 /* libmilenage-arm-apple-darwin10.a in Frameworks */ = {isa = PBXBuildFile; fileRef = 22ABC3F815C7F50F001C7985 /* libmilenage-arm-apple-darwin10.a */; };
		22ABC40D15C7F50F001C7985 /* libpj-arm-apple-darwin10.a in Frameworks */ = {isa = PBXBuildFile; fileRef = 22ABC3F915C7F50F001C7985 /* libpj-arm-apple-darwin10.a */; };
		22ABC40E15C7F50F001C7985 /* libpjlib-util-arm-apple-darwin10.a in Frameworks */ = {isa = PBXBuildFile; fileRef = 22ABC3FA15C7F50F001C7985 /* libpjlib-util-arm-apple-darwin10.a */; };
		22ABC40F15C7F50F001C7985 /* libpjmedia-arm-apple-darwin10.a in Frameworks */ = {isa = PBXBuildFile; fileRef = 22ABC3FB15C7F50F001C7985 /* libpjmedia-arm-apple-darwin10.a */; };
		22ABC41015C7F50F001C7985 /* libpjmedia-audiodev-arm-apple-darwin10.a in Frameworks */ = {isa = PBXBuildFile; fileRef = 22ABC3FC15C7F50F001C7985 /* libpjmedia-audiodev-arm-apple-darwin10.a */; };
		22ABC41115C7F50F001C7985 /* libpjmedia-codec-arm-apple-darwin10.a in Frameworks */ = {isa = PBXBuildFile; fileRef = 22ABC3FD15C7F50F001C7985 /* libpjmedia-codec-arm-apple-darwin10.a */; };
		22ABC41215C7F50F001C7985 /* libpjmedia-videodev-arm-apple-darwin10.a in Frameworks */ = {isa = PBXBuildFile; fileRef = 22ABC3FE15C7F50F001C7985 /* libpjmedia-videodev-arm-apple-darwin10.a */; };
		22ABC41315C7F50F001C7985 /* libpjnath-arm-apple-darwin10.a in Frameworks */ = {isa = PBXBuildFile; fileRef = 22ABC3FF15C7F50F001C7985 /* libpjnath-arm-apple-darwin10.a */; };
		22ABC41415C7F50F001C7985 /* libpjsdp-arm-apple-darwin10.a in Frameworks */ = {isa = PBXBuildFile; fileRef = 22ABC40015C7F50F001C7985 /* libpjsdp-arm-apple-darwin10.a */; };
		22ABC41515C7F50F001C7985 /* libpjsip-arm-apple-darwin10.a in Frameworks */ = {isa = PBXBuildFile; fileRef = 22ABC40115C7F50F001C7985 /* libpjsip-arm-apple-darwin10.a */; };
		22ABC41615C7F50F001C7985 /* libpjsip-simple-arm-apple-darwin10.a in Frameworks */ = {isa = PBXBuildFile; fileRef = 22ABC40215C7F50F001C7985 /* libpjsip-simple-arm-apple-darwin10.a */; };
		22ABC41715C7F50F001C7985 /* libpjsip-ua-arm-apple-darwin10.a in Frameworks */ = {isa = PBXBuildFile; fileRef = 22ABC40315C7F50F001C7985 /* libpjsip-ua-arm-apple-darwin10.a */; };
		22ABC41815C7F50F001C7985 /* libpjsua-arm-apple-darwin10.a in Frameworks */ = {isa = PBXBuildFile; fileRef = 22ABC40415C7F50F001C7985 /* libpjsua-arm-apple-darwin10.a */; };
		22ABC41915C7F50F001C7985 /* libresample-arm-apple-darwin10.a in Frameworks */ = {isa = PBXBuildFile; fileRef = 22ABC40515C7F50F001C7985 /* libresample-arm-apple-darwin10.a */; };
		22ABC41A15C7F50F001C7985 /* libspeex-arm-apple-darwin10.a in Frameworks */ = {isa = PBXBuildFile; fileRef = 22ABC40615C7F50F001C7985 /* libspeex-arm-apple-darwin10.a */; };
		22ABC41B15C7F50F001C7985 /* libsrtp-arm-apple-darwin10.a in Frameworks */ = {isa = PBXBuildFile; fileRef = 22ABC40715C7F50F001C7985 /* libsrtp-arm-apple-darwin10.a */; };
		22AD824715A5987C0000D05C /* Foundation.framework in Frameworks */ = {isa = PBXBuildFile; fileRef = 22AD824615A5987C0000D05C /* Foundation.framework */; };
		22AD82DD15A5A1550000D05C /* GSUserAgent.h in Headers */ = {isa = PBXBuildFile; fileRef = 22AD82DB15A5A1550000D05C /* GSUserAgent.h */; settings = {ATTRIBUTES = (Private, ); }; };
		22AD82DE15A5A1550000D05C /* GSUserAgent.m in Sources */ = {isa = PBXBuildFile; fileRef = 22AD82DC15A5A1550000D05C /* GSUserAgent.m */; };
		22B7D11015AE8A8E0045C54A /* GSOutgoingCall.h in Headers */ = {isa = PBXBuildFile; fileRef = 22B7D10E15AE8A8E0045C54A /* GSOutgoingCall.h */; };
		22B7D11115AE8A8E0045C54A /* GSOutgoingCall.m in Sources */ = {isa = PBXBuildFile; fileRef = 22B7D10F15AE8A8E0045C54A /* GSOutgoingCall.m */; };
		22B7D11515AE93DC0045C54A /* GSCall+Private.h in Headers */ = {isa = PBXBuildFile; fileRef = 22B7D11315AE93DC0045C54A /* GSCall+Private.h */; };
		22B7D11915AE95A50045C54A /* GSIncomingCall.h in Headers */ = {isa = PBXBuildFile; fileRef = 22B7D11715AE95A50045C54A /* GSIncomingCall.h */; };
		22B7D11A15AE95A50045C54A /* GSIncomingCall.m in Sources */ = {isa = PBXBuildFile; fileRef = 22B7D11815AE95A50045C54A /* GSIncomingCall.m */; };
		22D43D8315AAA5FE0099C79F /* GSNotifications.m in Sources */ = {isa = PBXBuildFile; fileRef = 22D43D8215AAA5FE0099C79F /* GSNotifications.m */; };
		22D43D8615AAC1C40099C79F /* GSCall.h in Headers */ = {isa = PBXBuildFile; fileRef = 22D43D8415AAC1C40099C79F /* GSCall.h */; settings = {ATTRIBUTES = (Private, ); }; };
		22D43D8715AAC1C40099C79F /* GSCall.m in Sources */ = {isa = PBXBuildFile; fileRef = 22D43D8515AAC1C40099C79F /* GSCall.m */; };
		22D43D9115AAC9120099C79F /* GSECallInitController.m in Sources */ = {isa = PBXBuildFile; fileRef = 22D43D8E15AAC90B0099C79F /* GSECallInitController.m */; };
		22D43D9415AACD680099C79F /* GSECallViewController.m in Sources */ = {isa = PBXBuildFile; fileRef = 22D43D9315AACD680099C79F /* GSECallViewController.m */; };
		22D43D9615AACFAD0099C79F /* GSECallViewController.xib in Resources */ = {isa = PBXBuildFile; fileRef = 22D43D9515AACFAD0099C79F /* GSECallViewController.xib */; };
/* End PBXBuildFile section */

/* Begin PBXContainerItemProxy section */
		224EFFA215A6D28800CD541C /* PBXContainerItemProxy */ = {
			isa = PBXContainerItemProxy;
			containerPortal = 22AD823A15A5987C0000D05C /* Project object */;
			proxyType = 1;
			remoteGlobalIDString = 22AD824215A5987C0000D05C;
			remoteInfo = Gossip;
		};
/* End PBXContainerItemProxy section */

/* Begin PBXFileReference section */
		221BED7D15B0310000464679 /* GSECodecsViewController.h */ = {isa = PBXFileReference; fileEncoding = 4; lastKnownFileType = sourcecode.c.h; path = GSECodecsViewController.h; sourceTree = "<group>"; };
		221BED7E15B0310000464679 /* GSECodecsViewController.m */ = {isa = PBXFileReference; fileEncoding = 4; lastKnownFileType = sourcecode.c.objc; path = GSECodecsViewController.m; sourceTree = "<group>"; };
		221BED8115B0338F00464679 /* GSCodecInfo.h */ = {isa = PBXFileReference; fileEncoding = 4; lastKnownFileType = sourcecode.c.h; path = GSCodecInfo.h; sourceTree = "<group>"; };
		221BED8215B0338F00464679 /* GSCodecInfo.m */ = {isa = PBXFileReference; fileEncoding = 4; lastKnownFileType = sourcecode.c.objc; path = GSCodecInfo.m; sourceTree = "<group>"; };
		221BED8515B034CD00464679 /* GSCodecInfo+Private.h */ = {isa = PBXFileReference; fileEncoding = 4; lastKnownFileType = sourcecode.c.h; path = "GSCodecInfo+Private.h"; sourceTree = "<group>"; };
		222D262E15A702D00035CB04 /* GSDispatch.h */ = {isa = PBXFileReference; fileEncoding = 4; lastKnownFileType = sourcecode.c.h; path = GSDispatch.h; sourceTree = "<group>"; };
		222D262F15A702D00035CB04 /* GSDispatch.m */ = {isa = PBXFileReference; fileEncoding = 4; lastKnownFileType = sourcecode.c.objc; path = GSDispatch.m; sourceTree = "<group>"; };
		2242FB8A15A6D8A500B34D4F /* CoreAudio.framework */ = {isa = PBXFileReference; lastKnownFileType = wrapper.framework; name = CoreAudio.framework; path = System/Library/Frameworks/CoreAudio.framework; sourceTree = SDKROOT; };
		2242FB8C15A6D8B000B34D4F /* CFNetwork.framework */ = {isa = PBXFileReference; lastKnownFileType = wrapper.framework; name = CFNetwork.framework; path = System/Library/Frameworks/CFNetwork.framework; sourceTree = SDKROOT; };
		2242FB9115A6D8F500B34D4F /* AudioToolbox.framework */ = {isa = PBXFileReference; lastKnownFileType = wrapper.framework; name = AudioToolbox.framework; path = System/Library/Frameworks/AudioToolbox.framework; sourceTree = SDKROOT; };
		2242FB9315A6D8FC00B34D4F /* AVFoundation.framework */ = {isa = PBXFileReference; lastKnownFileType = wrapper.framework; name = AVFoundation.framework; path = System/Library/Frameworks/AVFoundation.framework; sourceTree = SDKROOT; };
		224A004215A6FA2600CC5890 /* GSPJUtil.h */ = {isa = PBXFileReference; fileEncoding = 4; lastKnownFileType = sourcecode.c.h; path = GSPJUtil.h; sourceTree = "<group>"; };
		224A004315A6FA2600CC5890 /* GSPJUtil.m */ = {isa = PBXFileReference; fileEncoding = 4; lastKnownFileType = sourcecode.c.objc; path = GSPJUtil.m; sourceTree = "<group>"; };
		224A004615A6FD9800CC5890 /* GSEMenuViewController.h */ = {isa = PBXFileReference; fileEncoding = 4; lastKnownFileType = sourcecode.c.h; path = GSEMenuViewController.h; sourceTree = "<group>"; };
		224A004715A6FD9800CC5890 /* GSEMenuViewController.m */ = {isa = PBXFileReference; fileEncoding = 4; lastKnownFileType = sourcecode.c.objc; path = GSEMenuViewController.m; sourceTree = "<group>"; };
		224A004C15A6FFBC00CC5890 /* GSEMenuViewController.xib */ = {isa = PBXFileReference; fileEncoding = 4; lastKnownFileType = file.xib; path = GSEMenuViewController.xib; sourceTree = "<group>"; };
		224AFFED15A6E9AB00CC5890 /* CoreVideo.framework */ = {isa = PBXFileReference; lastKnownFileType = wrapper.framework; name = CoreVideo.framework; path = System/Library/Frameworks/CoreVideo.framework; sourceTree = SDKROOT; };
		224AFFEF15A6E9C500CC5890 /* CoreMedia.framework */ = {isa = PBXFileReference; lastKnownFileType = wrapper.framework; name = CoreMedia.framework; path = System/Library/Frameworks/CoreMedia.framework; sourceTree = SDKROOT; };
		224EFF7115A6B2A900CD541C /* Util.h */ = {isa = PBXFileReference; lastKnownFileType = sourcecode.c.h; path = Util.h; sourceTree = "<group>"; };
		224EFF7315A6B97F00CD541C /* GSConfiguration.h */ = {isa = PBXFileReference; fileEncoding = 4; lastKnownFileType = sourcecode.c.h; path = GSConfiguration.h; sourceTree = "<group>"; };
		224EFF7415A6B97F00CD541C /* GSConfiguration.m */ = {isa = PBXFileReference; fileEncoding = 4; lastKnownFileType = sourcecode.c.objc; path = GSConfiguration.m; sourceTree = "<group>"; };
		224EFF7815A6BA9000CD541C /* Gossip.h */ = {isa = PBXFileReference; lastKnownFileType = sourcecode.c.h; path = Gossip.h; sourceTree = "<group>"; };
		224EFF7F15A6C7D100CD541C /* GSAccount.h */ = {isa = PBXFileReference; fileEncoding = 4; lastKnownFileType = sourcecode.c.h; path = GSAccount.h; sourceTree = "<group>"; };
		224EFF8015A6C7D100CD541C /* GSAccount.m */ = {isa = PBXFileReference; fileEncoding = 4; lastKnownFileType = sourcecode.c.objc; path = GSAccount.m; sourceTree = "<group>"; };
		224EFF8415A6CC1F00CD541C /* GSAccountConfiguration.h */ = {isa = PBXFileReference; fileEncoding = 4; lastKnownFileType = sourcecode.c.h; path = GSAccountConfiguration.h; sourceTree = "<group>"; };
		224EFF8515A6CC1F00CD541C /* GSAccountConfiguration.m */ = {isa = PBXFileReference; fileEncoding = 4; lastKnownFileType = sourcecode.c.objc; path = GSAccountConfiguration.m; sourceTree = "<group>"; };
		224EFF8C15A6D27600CD541C /* GossipExample.app */ = {isa = PBXFileReference; explicitFileType = wrapper.application; includeInIndex = 0; path = GossipExample.app; sourceTree = BUILT_PRODUCTS_DIR; };
		224EFF8E15A6D27600CD541C /* UIKit.framework */ = {isa = PBXFileReference; lastKnownFileType = wrapper.framework; name = UIKit.framework; path = System/Library/Frameworks/UIKit.framework; sourceTree = SDKROOT; };
		224EFF9115A6D27600CD541C /* CoreGraphics.framework */ = {isa = PBXFileReference; lastKnownFileType = wrapper.framework; name = CoreGraphics.framework; path = System/Library/Frameworks/CoreGraphics.framework; sourceTree = SDKROOT; };
		224EFF9515A6D27600CD541C /* GossipExample-Info.plist */ = {isa = PBXFileReference; lastKnownFileType = text.plist.xml; path = "GossipExample-Info.plist"; sourceTree = "<group>"; };
		224EFF9715A6D27600CD541C /* en */ = {isa = PBXFileReference; lastKnownFileType = text.plist.strings; name = en; path = en.lproj/InfoPlist.strings; sourceTree = "<group>"; };
		224EFF9915A6D27600CD541C /* main.m */ = {isa = PBXFileReference; lastKnownFileType = sourcecode.c.objc; path = main.m; sourceTree = "<group>"; };
		224EFF9B15A6D27600CD541C /* GossipExample-Prefix.pch */ = {isa = PBXFileReference; lastKnownFileType = sourcecode.c.h; path = "GossipExample-Prefix.pch"; sourceTree = "<group>"; };
		224EFF9C15A6D27600CD541C /* GSEAppDelegate.h */ = {isa = PBXFileReference; lastKnownFileType = sourcecode.c.h; path = GSEAppDelegate.h; sourceTree = "<group>"; };
		224EFF9D15A6D27600CD541C /* GSEAppDelegate.m */ = {isa = PBXFileReference; lastKnownFileType = sourcecode.c.objc; path = GSEAppDelegate.m; sourceTree = "<group>"; };
		224EFFA915A6D37D00CD541C /* GSERootViewController.h */ = {isa = PBXFileReference; fileEncoding = 4; lastKnownFileType = sourcecode.c.h; path = GSERootViewController.h; sourceTree = "<group>"; };
		224EFFAA15A6D37D00CD541C /* GSERootViewController.m */ = {isa = PBXFileReference; fileEncoding = 4; lastKnownFileType = sourcecode.c.objc; path = GSERootViewController.m; sourceTree = "<group>"; };
		224EFFB215A6D7C300CD541C /* GSEConfigurationViewController.h */ = {isa = PBXFileReference; fileEncoding = 4; lastKnownFileType = sourcecode.c.h; path = GSEConfigurationViewController.h; sourceTree = "<group>"; };
		224EFFB315A6D7C300CD541C /* GSEConfigurationViewController.m */ = {isa = PBXFileReference; fileEncoding = 4; lastKnownFileType = sourcecode.c.objc; path = GSEConfigurationViewController.m; sourceTree = "<group>"; };
		225D129415B67DA40041F416 /* GSUserAgent+Private.h */ = {isa = PBXFileReference; fileEncoding = 4; lastKnownFileType = sourcecode.c.h; path = "GSUserAgent+Private.h"; sourceTree = "<group>"; };
		226F92AE15DB9CB00013A997 /* GSRingback.h */ = {isa = PBXFileReference; fileEncoding = 4; lastKnownFileType = sourcecode.c.h; path = GSRingback.h; sourceTree = "<group>"; };
		226F92AF15DB9CB00013A997 /* GSRingback.m */ = {isa = PBXFileReference; fileEncoding = 4; lastKnownFileType = sourcecode.c.objc; path = GSRingback.m; sourceTree = "<group>"; };
		227F443E15E23004007C364C /* GSAccount+Private.h */ = {isa = PBXFileReference; fileEncoding = 4; lastKnownFileType = sourcecode.c.h; path = "GSAccount+Private.h"; sourceTree = "<group>"; };
		22ABC3F415C7F50F001C7985 /* libg729codec-arm-apple-darwin10.a */ = {isa = PBXFileReference; lastKnownFileType = archive.ar; name = "libg729codec-arm-apple-darwin10.a"; path = "pjsip/lib/libg729codec-arm-apple-darwin10.a"; sourceTree = "<group>"; };
		22ABC3F515C7F50F001C7985 /* libg7221codec-arm-apple-darwin10.a */ = {isa = PBXFileReference; lastKnownFileType = archive.ar; name = "libg7221codec-arm-apple-darwin10.a"; path = "pjsip/lib/libg7221codec-arm-apple-darwin10.a"; sourceTree = "<group>"; };
		22ABC3F615C7F50F001C7985 /* libgsmcodec-arm-apple-darwin10.a */ = {isa = PBXFileReference; lastKnownFileType = archive.ar; name = "libgsmcodec-arm-apple-darwin10.a"; path = "pjsip/lib/libgsmcodec-arm-apple-darwin10.a"; sourceTree = "<group>"; };
		22ABC3F715C7F50F001C7985 /* libilbccodec-arm-apple-darwin10.a */ = {isa = PBXFileReference; lastKnownFileType = archive.ar; name = "libilbccodec-arm-apple-darwin10.a"; path = "pjsip/lib/libilbccodec-arm-apple-darwin10.a"; sourceTree = "<group>"; };
		22ABC3F815C7F50F001C7985 /* libmilenage-arm-apple-darwin10.a */ = {isa = PBXFileReference; lastKnownFileType = archive.ar; name = "libmilenage-arm-apple-darwin10.a"; path = "pjsip/lib/libmilenage-arm-apple-darwin10.a"; sourceTree = "<group>"; };
		22ABC3F915C7F50F001C7985 /* libpj-arm-apple-darwin10.a */ = {isa = PBXFileReference; lastKnownFileType = archive.ar; name = "libpj-arm-apple-darwin10.a"; path = "pjsip/lib/libpj-arm-apple-darwin10.a"; sourceTree = "<group>"; };
		22ABC3FA15C7F50F001C7985 /* libpjlib-util-arm-apple-darwin10.a */ = {isa = PBXFileReference; lastKnownFileType = archive.ar; name = "libpjlib-util-arm-apple-darwin10.a"; path = "pjsip/lib/libpjlib-util-arm-apple-darwin10.a"; sourceTree = "<group>"; };
		22ABC3FB15C7F50F001C7985 /* libpjmedia-arm-apple-darwin10.a */ = {isa = PBXFileReference; lastKnownFileType = archive.ar; name = "libpjmedia-arm-apple-darwin10.a"; path = "pjsip/lib/libpjmedia-arm-apple-darwin10.a"; sourceTree = "<group>"; };
		22ABC3FC15C7F50F001C7985 /* libpjmedia-audiodev-arm-apple-darwin10.a */ = {isa = PBXFileReference; lastKnownFileType = archive.ar; name = "libpjmedia-audiodev-arm-apple-darwin10.a"; path = "pjsip/lib/libpjmedia-audiodev-arm-apple-darwin10.a"; sourceTree = "<group>"; };
		22ABC3FD15C7F50F001C7985 /* libpjmedia-codec-arm-apple-darwin10.a */ = {isa = PBXFileReference; lastKnownFileType = archive.ar; name = "libpjmedia-codec-arm-apple-darwin10.a"; path = "pjsip/lib/libpjmedia-codec-arm-apple-darwin10.a"; sourceTree = "<group>"; };
		22ABC3FE15C7F50F001C7985 /* libpjmedia-videodev-arm-apple-darwin10.a */ = {isa = PBXFileReference; lastKnownFileType = archive.ar; name = "libpjmedia-videodev-arm-apple-darwin10.a"; path = "pjsip/lib/libpjmedia-videodev-arm-apple-darwin10.a"; sourceTree = "<group>"; };
		22ABC3FF15C7F50F001C7985 /* libpjnath-arm-apple-darwin10.a */ = {isa = PBXFileReference; lastKnownFileType = archive.ar; name = "libpjnath-arm-apple-darwin10.a"; path = "pjsip/lib/libpjnath-arm-apple-darwin10.a"; sourceTree = "<group>"; };
		22ABC40015C7F50F001C7985 /* libpjsdp-arm-apple-darwin10.a */ = {isa = PBXFileReference; lastKnownFileType = archive.ar; name = "libpjsdp-arm-apple-darwin10.a"; path = "pjsip/lib/libpjsdp-arm-apple-darwin10.a"; sourceTree = "<group>"; };
		22ABC40115C7F50F001C7985 /* libpjsip-arm-apple-darwin10.a */ = {isa = PBXFileReference; lastKnownFileType = archive.ar; name = "libpjsip-arm-apple-darwin10.a"; path = "pjsip/lib/libpjsip-arm-apple-darwin10.a"; sourceTree = "<group>"; };
		22ABC40215C7F50F001C7985 /* libpjsip-simple-arm-apple-darwin10.a */ = {isa = PBXFileReference; lastKnownFileType = archive.ar; name = "libpjsip-simple-arm-apple-darwin10.a"; path = "pjsip/lib/libpjsip-simple-arm-apple-darwin10.a"; sourceTree = "<group>"; };
		22ABC40315C7F50F001C7985 /* libpjsip-ua-arm-apple-darwin10.a */ = {isa = PBXFileReference; lastKnownFileType = archive.ar; name = "libpjsip-ua-arm-apple-darwin10.a"; path = "pjsip/lib/libpjsip-ua-arm-apple-darwin10.a"; sourceTree = "<group>"; };
		22ABC40415C7F50F001C7985 /* libpjsua-arm-apple-darwin10.a */ = {isa = PBXFileReference; lastKnownFileType = archive.ar; name = "libpjsua-arm-apple-darwin10.a"; path = "pjsip/lib/libpjsua-arm-apple-darwin10.a"; sourceTree = "<group>"; };
		22ABC40515C7F50F001C7985 /* libresample-arm-apple-darwin10.a */ = {isa = PBXFileReference; lastKnownFileType = archive.ar; name = "libresample-arm-apple-darwin10.a"; path = "pjsip/lib/libresample-arm-apple-darwin10.a"; sourceTree = "<group>"; };
		22ABC40615C7F50F001C7985 /* libspeex-arm-apple-darwin10.a */ = {isa = PBXFileReference; lastKnownFileType = archive.ar; name = "libspeex-arm-apple-darwin10.a"; path = "pjsip/lib/libspeex-arm-apple-darwin10.a"; sourceTree = "<group>"; };
		22ABC40715C7F50F001C7985 /* libsrtp-arm-apple-darwin10.a */ = {isa = PBXFileReference; lastKnownFileType = archive.ar; name = "libsrtp-arm-apple-darwin10.a"; path = "pjsip/lib/libsrtp-arm-apple-darwin10.a"; sourceTree = "<group>"; };
		22AD824315A5987C0000D05C /* libGossip.a */ = {isa = PBXFileReference; explicitFileType = archive.ar; includeInIndex = 0; path = libGossip.a; sourceTree = BUILT_PRODUCTS_DIR; };
		22AD824615A5987C0000D05C /* Foundation.framework */ = {isa = PBXFileReference; lastKnownFileType = wrapper.framework; name = Foundation.framework; path = System/Library/Frameworks/Foundation.framework; sourceTree = SDKROOT; };
		22AD82DB15A5A1550000D05C /* GSUserAgent.h */ = {isa = PBXFileReference; fileEncoding = 4; lastKnownFileType = sourcecode.c.h; path = GSUserAgent.h; sourceTree = "<group>"; };
		22AD82DC15A5A1550000D05C /* GSUserAgent.m */ = {isa = PBXFileReference; fileEncoding = 4; lastKnownFileType = sourcecode.c.objc; path = GSUserAgent.m; sourceTree = "<group>"; };
		22AD82EA15A5A3CC0000D05C /* PJSIP.h */ = {isa = PBXFileReference; lastKnownFileType = sourcecode.c.h; path = PJSIP.h; sourceTree = "<group>"; };
		22B7D10E15AE8A8E0045C54A /* GSOutgoingCall.h */ = {isa = PBXFileReference; fileEncoding = 4; lastKnownFileType = sourcecode.c.h; path = GSOutgoingCall.h; sourceTree = "<group>"; };
		22B7D10F15AE8A8E0045C54A /* GSOutgoingCall.m */ = {isa = PBXFileReference; fileEncoding = 4; lastKnownFileType = sourcecode.c.objc; path = GSOutgoingCall.m; sourceTree = "<group>"; };
		22B7D11315AE93DC0045C54A /* GSCall+Private.h */ = {isa = PBXFileReference; fileEncoding = 4; lastKnownFileType = sourcecode.c.h; path = "GSCall+Private.h"; sourceTree = "<group>"; };
		22B7D11715AE95A50045C54A /* GSIncomingCall.h */ = {isa = PBXFileReference; fileEncoding = 4; lastKnownFileType = sourcecode.c.h; path = GSIncomingCall.h; sourceTree = "<group>"; };
		22B7D11815AE95A50045C54A /* GSIncomingCall.m */ = {isa = PBXFileReference; fileEncoding = 4; lastKnownFileType = sourcecode.c.objc; path = GSIncomingCall.m; sourceTree = "<group>"; };
		22C0F0F115D52676006947BC /* ringtone.wav */ = {isa = PBXFileReference; lastKnownFileType = audio.wav; path = ringtone.wav; sourceTree = "<group>"; };
		22D43D8015AAA5270099C79F /* GSNotifications.h */ = {isa = PBXFileReference; lastKnownFileType = sourcecode.c.h; path = GSNotifications.h; sourceTree = "<group>"; };
		22D43D8215AAA5FE0099C79F /* GSNotifications.m */ = {isa = PBXFileReference; fileEncoding = 4; lastKnownFileType = sourcecode.c.objc; path = GSNotifications.m; sourceTree = "<group>"; };
		22D43D8415AAC1C40099C79F /* GSCall.h */ = {isa = PBXFileReference; fileEncoding = 4; lastKnownFileType = sourcecode.c.h; path = GSCall.h; sourceTree = "<group>"; };
		22D43D8515AAC1C40099C79F /* GSCall.m */ = {isa = PBXFileReference; fileEncoding = 4; lastKnownFileType = sourcecode.c.objc; path = GSCall.m; sourceTree = "<group>"; };
		22D43D8D15AAC90B0099C79F /* GSECallInitController.h */ = {isa = PBXFileReference; fileEncoding = 4; lastKnownFileType = sourcecode.c.h; path = GSECallInitController.h; sourceTree = "<group>"; };
		22D43D8E15AAC90B0099C79F /* GSECallInitController.m */ = {isa = PBXFileReference; fileEncoding = 4; lastKnownFileType = sourcecode.c.objc; path = GSECallInitController.m; sourceTree = "<group>"; };
		22D43D9215AACD680099C79F /* GSECallViewController.h */ = {isa = PBXFileReference; fileEncoding = 4; lastKnownFileType = sourcecode.c.h; path = GSECallViewController.h; sourceTree = "<group>"; };
		22D43D9315AACD680099C79F /* GSECallViewController.m */ = {isa = PBXFileReference; fileEncoding = 4; lastKnownFileType = sourcecode.c.objc; path = GSECallViewController.m; sourceTree = "<group>"; };
		22D43D9515AACFAD0099C79F /* GSECallViewController.xib */ = {isa = PBXFileReference; fileEncoding = 4; lastKnownFileType = file.xib; path = GSECallViewController.xib; sourceTree = "<group>"; };
/* End PBXFileReference section */

/* Begin PBXFrameworksBuildPhase section */
		224EFF8915A6D27600CD541C /* Frameworks */ = {
			isa = PBXFrameworksBuildPhase;
			buildActionMask = 2147483647;
			files = (
				224A003B15A6F1F100CC5890 /* libGossip.a in Frameworks */,
				224EFF8F15A6D27600CD541C /* UIKit.framework in Frameworks */,
				224EFF9015A6D27600CD541C /* Foundation.framework in Frameworks */,
				224EFF9215A6D27600CD541C /* CoreGraphics.framework in Frameworks */,
				2242FB8F15A6D8D400B34D4F /* CFNetwork.framework in Frameworks */,
				2242FB9015A6D8D600B34D4F /* CoreAudio.framework in Frameworks */,
				2242FB9515A6D90000B34D4F /* AVFoundation.framework in Frameworks */,
				2242FB9615A6D90000B34D4F /* AudioToolbox.framework in Frameworks */,
				224AFFF115A6E9C900CC5890 /* CoreMedia.framework in Frameworks */,
				224AFFF215A6E9C900CC5890 /* CoreVideo.framework in Frameworks */,
			);
			runOnlyForDeploymentPostprocessing = 0;
		};
		22AD824015A5987C0000D05C /* Frameworks */ = {
			isa = PBXFrameworksBuildPhase;
			buildActionMask = 2147483647;
			files = (
				224AFFF715A6E9F600CC5890 /* CoreGraphics.framework in Frameworks */,
				224AFFF315A6E9D200CC5890 /* AudioToolbox.framework in Frameworks */,
				224AFFF415A6E9D200CC5890 /* AVFoundation.framework in Frameworks */,
				2242FB8D15A6D8B000B34D4F /* CFNetwork.framework in Frameworks */,
				224AFFF515A6E9E200CC5890 /* CoreMedia.framework in Frameworks */,
				224AFFF615A6E9E200CC5890 /* CoreVideo.framework in Frameworks */,
				2242FB8B15A6D8A500B34D4F /* CoreAudio.framework in Frameworks */,
				22AD824715A5987C0000D05C /* Foundation.framework in Frameworks */,
				22ABC40815C7F50F001C7985 /* libg729codec-arm-apple-darwin10.a in Frameworks */,
				22ABC40915C7F50F001C7985 /* libg7221codec-arm-apple-darwin10.a in Frameworks */,
				22ABC40A15C7F50F001C7985 /* libgsmcodec-arm-apple-darwin10.a in Frameworks */,
				22ABC40B15C7F50F001C7985 /* libilbccodec-arm-apple-darwin10.a in Frameworks */,
				22ABC40C15C7F50F001C7985 /* libmilenage-arm-apple-darwin10.a in Frameworks */,
				22ABC40D15C7F50F001C7985 /* libpj-arm-apple-darwin10.a in Frameworks */,
				22ABC40E15C7F50F001C7985 /* libpjlib-util-arm-apple-darwin10.a in Frameworks */,
				22ABC40F15C7F50F001C7985 /* libpjmedia-arm-apple-darwin10.a in Frameworks */,
				22ABC41015C7F50F001C7985 /* libpjmedia-audiodev-arm-apple-darwin10.a in Frameworks */,
				22ABC41115C7F50F001C7985 /* libpjmedia-codec-arm-apple-darwin10.a in Frameworks */,
				22ABC41215C7F50F001C7985 /* libpjmedia-videodev-arm-apple-darwin10.a in Frameworks */,
				22ABC41315C7F50F001C7985 /* libpjnath-arm-apple-darwin10.a in Frameworks */,
				22ABC41415C7F50F001C7985 /* libpjsdp-arm-apple-darwin10.a in Frameworks */,
				22ABC41515C7F50F001C7985 /* libpjsip-arm-apple-darwin10.a in Frameworks */,
				22ABC41615C7F50F001C7985 /* libpjsip-simple-arm-apple-darwin10.a in Frameworks */,
				22ABC41715C7F50F001C7985 /* libpjsip-ua-arm-apple-darwin10.a in Frameworks */,
				22ABC41815C7F50F001C7985 /* libpjsua-arm-apple-darwin10.a in Frameworks */,
				22ABC41915C7F50F001C7985 /* libresample-arm-apple-darwin10.a in Frameworks */,
				22ABC41A15C7F50F001C7985 /* libspeex-arm-apple-darwin10.a in Frameworks */,
				22ABC41B15C7F50F001C7985 /* libsrtp-arm-apple-darwin10.a in Frameworks */,
			);
			runOnlyForDeploymentPostprocessing = 0;
		};
/* End PBXFrameworksBuildPhase section */

/* Begin PBXGroup section */
		224EFF7E15A6C29900CD541C /* Util */ = {
			isa = PBXGroup;
			children = (
				224A004215A6FA2600CC5890 /* GSPJUtil.h */,
				22AD82EA15A5A3CC0000D05C /* PJSIP.h */,
				224EFF7115A6B2A900CD541C /* Util.h */,
				224A004315A6FA2600CC5890 /* GSPJUtil.m */,
			);
			name = Util;
			sourceTree = "<group>";
		};
		224EFF8315A6C83C00CD541C /* Configuration */ = {
			isa = PBXGroup;
			children = (
				224EFF8415A6CC1F00CD541C /* GSAccountConfiguration.h */,
				224EFF7315A6B97F00CD541C /* GSConfiguration.h */,
				224EFF8515A6CC1F00CD541C /* GSAccountConfiguration.m */,
				224EFF7415A6B97F00CD541C /* GSConfiguration.m */,
			);
			name = Configuration;
			sourceTree = "<group>";
		};
		224EFF9315A6D27600CD541C /* ExampleApp */ = {
			isa = PBXGroup;
			children = (
				224EFF9C15A6D27600CD541C /* GSEAppDelegate.h */,
				22D43D8D15AAC90B0099C79F /* GSECallInitController.h */,
				22D43D9215AACD680099C79F /* GSECallViewController.h */,
				221BED7D15B0310000464679 /* GSECodecsViewController.h */,
				224EFFB215A6D7C300CD541C /* GSEConfigurationViewController.h */,
				224A004615A6FD9800CC5890 /* GSEMenuViewController.h */,
				224EFFA915A6D37D00CD541C /* GSERootViewController.h */,
				224EFF9D15A6D27600CD541C /* GSEAppDelegate.m */,
				22D43D8E15AAC90B0099C79F /* GSECallInitController.m */,
				22D43D9315AACD680099C79F /* GSECallViewController.m */,
				221BED7E15B0310000464679 /* GSECodecsViewController.m */,
				224EFFB315A6D7C300CD541C /* GSEConfigurationViewController.m */,
				224A004715A6FD9800CC5890 /* GSEMenuViewController.m */,
				224EFFAA15A6D37D00CD541C /* GSERootViewController.m */,
				22C0F0F115D52676006947BC /* ringtone.wav */,
				22D43D9515AACFAD0099C79F /* GSECallViewController.xib */,
				224A004C15A6FFBC00CC5890 /* GSEMenuViewController.xib */,
				224EFF9415A6D27600CD541C /* Supporting Files */,
			);
			name = ExampleApp;
			path = GossipExample;
			sourceTree = "<group>";
		};
		224EFF9415A6D27600CD541C /* Supporting Files */ = {
			isa = PBXGroup;
			children = (
				224EFF9115A6D27600CD541C /* CoreGraphics.framework */,
				224EFF8E15A6D27600CD541C /* UIKit.framework */,
				224EFF9915A6D27600CD541C /* main.m */,
				224EFF9B15A6D27600CD541C /* GossipExample-Prefix.pch */,
				224EFF9515A6D27600CD541C /* GossipExample-Info.plist */,
				224EFF9615A6D27600CD541C /* InfoPlist.strings */,
			);
			name = "Supporting Files";
			sourceTree = "<group>";
		};
		22AD823815A5987C0000D05C = {
			isa = PBXGroup;
			children = (
				224EFF9315A6D27600CD541C /* ExampleApp */,
				22AD824515A5987C0000D05C /* Frameworks */,
				22AD824815A5987C0000D05C /* Gossip */,
				22AD824415A5987C0000D05C /* Products */,
			);
			sourceTree = "<group>";
		};
		22AD824415A5987C0000D05C /* Products */ = {
			isa = PBXGroup;
			children = (
				22AD824315A5987C0000D05C /* libGossip.a */,
				224EFF8C15A6D27600CD541C /* GossipExample.app */,
			);
			name = Products;
			sourceTree = "<group>";
		};
		22AD824515A5987C0000D05C /* Frameworks */ = {
			isa = PBXGroup;
			children = (
				2242FB9115A6D8F500B34D4F /* AudioToolbox.framework */,
				2242FB9315A6D8FC00B34D4F /* AVFoundation.framework */,
				2242FB8C15A6D8B000B34D4F /* CFNetwork.framework */,
				2242FB8A15A6D8A500B34D4F /* CoreAudio.framework */,
				224AFFEF15A6E9C500CC5890 /* CoreMedia.framework */,
				224AFFED15A6E9AB00CC5890 /* CoreVideo.framework */,
				22AD824615A5987C0000D05C /* Foundation.framework */,
				22AD826415A59F7D0000D05C /* PJSIP */,
			);
			name = Frameworks;
			sourceTree = "<group>";
		};
		22AD824815A5987C0000D05C /* Gossip */ = {
			isa = PBXGroup;
			children = (
				224EFF7815A6BA9000CD541C /* Gossip.h */,
				227F443E15E23004007C364C /* GSAccount+Private.h */,
				224EFF7F15A6C7D100CD541C /* GSAccount.h */,
				22B7D11315AE93DC0045C54A /* GSCall+Private.h */,
				22D43D8415AAC1C40099C79F /* GSCall.h */,
				221BED8515B034CD00464679 /* GSCodecInfo+Private.h */,
				221BED8115B0338F00464679 /* GSCodecInfo.h */,
				222D262E15A702D00035CB04 /* GSDispatch.h */,
				22B7D11715AE95A50045C54A /* GSIncomingCall.h */,
				22D43D8015AAA5270099C79F /* GSNotifications.h */,
				22B7D10E15AE8A8E0045C54A /* GSOutgoingCall.h */,
				226F92AE15DB9CB00013A997 /* GSRingback.h */,
				225D129415B67DA40041F416 /* GSUserAgent+Private.h */,
				22AD82DB15A5A1550000D05C /* GSUserAgent.h */,
				224EFF8015A6C7D100CD541C /* GSAccount.m */,
				22D43D8515AAC1C40099C79F /* GSCall.m */,
				221BED8215B0338F00464679 /* GSCodecInfo.m */,
				222D262F15A702D00035CB04 /* GSDispatch.m */,
				22B7D11815AE95A50045C54A /* GSIncomingCall.m */,
				22D43D8215AAA5FE0099C79F /* GSNotifications.m */,
				22B7D10F15AE8A8E0045C54A /* GSOutgoingCall.m */,
				226F92AF15DB9CB00013A997 /* GSRingback.m */,
				22AD82DC15A5A1550000D05C /* GSUserAgent.m */,
				224EFF8315A6C83C00CD541C /* Configuration */,
				224EFF7E15A6C29900CD541C /* Util */,
			);
			path = Gossip;
			sourceTree = "<group>";
		};
		22AD826415A59F7D0000D05C /* PJSIP */ = {
			isa = PBXGroup;
			children = (
				22ABC3F515C7F50F001C7985 /* libg7221codec-arm-apple-darwin10.a */,
				22ABC3F415C7F50F001C7985 /* libg729codec-arm-apple-darwin10.a */,
				22ABC3F615C7F50F001C7985 /* libgsmcodec-arm-apple-darwin10.a */,
				22ABC3F715C7F50F001C7985 /* libilbccodec-arm-apple-darwin10.a */,
				22ABC3F815C7F50F001C7985 /* libmilenage-arm-apple-darwin10.a */,
				22ABC3F915C7F50F001C7985 /* libpj-arm-apple-darwin10.a */,
				22ABC3FA15C7F50F001C7985 /* libpjlib-util-arm-apple-darwin10.a */,
				22ABC3FB15C7F50F001C7985 /* libpjmedia-arm-apple-darwin10.a */,
				22ABC3FC15C7F50F001C7985 /* libpjmedia-audiodev-arm-apple-darwin10.a */,
				22ABC3FD15C7F50F001C7985 /* libpjmedia-codec-arm-apple-darwin10.a */,
				22ABC3FE15C7F50F001C7985 /* libpjmedia-videodev-arm-apple-darwin10.a */,
				22ABC3FF15C7F50F001C7985 /* libpjnath-arm-apple-darwin10.a */,
				22ABC40015C7F50F001C7985 /* libpjsdp-arm-apple-darwin10.a */,
				22ABC40115C7F50F001C7985 /* libpjsip-arm-apple-darwin10.a */,
				22ABC40215C7F50F001C7985 /* libpjsip-simple-arm-apple-darwin10.a */,
				22ABC40315C7F50F001C7985 /* libpjsip-ua-arm-apple-darwin10.a */,
				22ABC40415C7F50F001C7985 /* libpjsua-arm-apple-darwin10.a */,
				22ABC40515C7F50F001C7985 /* libresample-arm-apple-darwin10.a */,
				22ABC40615C7F50F001C7985 /* libspeex-arm-apple-darwin10.a */,
				22ABC40715C7F50F001C7985 /* libsrtp-arm-apple-darwin10.a */,
			);
			name = PJSIP;
			sourceTree = "<group>";
		};
/* End PBXGroup section */

/* Begin PBXHeadersBuildPhase section */
		22AD824115A5987C0000D05C /* Headers */ = {
			isa = PBXHeadersBuildPhase;
			buildActionMask = 2147483647;
			files = (
				224EFF7915A6BAEC00CD541C /* Gossip.h in Headers */,
				224EFF8615A6CC1F00CD541C /* GSAccountConfiguration.h in Headers */,
				224EFF7515A6B97F00CD541C /* GSConfiguration.h in Headers */,
				224EFF8115A6C7D100CD541C /* GSAccount.h in Headers */,
				22AD82DD15A5A1550000D05C /* GSUserAgent.h in Headers */,
				221BED8315B0338F00464679 /* GSCodecInfo.h in Headers */,
				22D43D8615AAC1C40099C79F /* GSCall.h in Headers */,
				225D129C15B6B2780041F416 /* GSNotifications.h in Headers */,
				224A003C15A6F21100CC5890 /* PJSIP.h in Headers */,
				224A003D15A6F21600CC5890 /* Util.h in Headers */,
				224A004415A6FA2600CC5890 /* GSPJUtil.h in Headers */,
				222D263015A702D00035CB04 /* GSDispatch.h in Headers */,
				22B7D11015AE8A8E0045C54A /* GSOutgoingCall.h in Headers */,
				22B7D11515AE93DC0045C54A /* GSCall+Private.h in Headers */,
				22B7D11915AE95A50045C54A /* GSIncomingCall.h in Headers */,
				221BED8715B034CD00464679 /* GSCodecInfo+Private.h in Headers */,
				225D129615B67DA40041F416 /* GSUserAgent+Private.h in Headers */,
				226F92B015DB9CB00013A997 /* GSRingback.h in Headers */,
				227F444015E23004007C364C /* GSAccount+Private.h in Headers */,
			);
			runOnlyForDeploymentPostprocessing = 0;
		};
/* End PBXHeadersBuildPhase section */

/* Begin PBXNativeTarget section */
		224EFF8B15A6D27600CD541C /* GossipExample */ = {
			isa = PBXNativeTarget;
			buildConfigurationList = 224EFF9F15A6D27600CD541C /* Build configuration list for PBXNativeTarget "GossipExample" */;
			buildPhases = (
				224EFF8815A6D27600CD541C /* Sources */,
				224EFF8915A6D27600CD541C /* Frameworks */,
				224EFF8A15A6D27600CD541C /* Resources */,
			);
			buildRules = (
			);
			dependencies = (
				224EFFA315A6D28800CD541C /* PBXTargetDependency */,
			);
			name = GossipExample;
			productName = GossipExample;
			productReference = 224EFF8C15A6D27600CD541C /* GossipExample.app */;
			productType = "com.apple.product-type.application";
		};
		22AD824215A5987C0000D05C /* Gossip */ = {
			isa = PBXNativeTarget;
			buildConfigurationList = 22AD825015A5987C0000D05C /* Build configuration list for PBXNativeTarget "Gossip" */;
			buildPhases = (
				22AD823F15A5987C0000D05C /* Sources */,
				22AD824015A5987C0000D05C /* Frameworks */,
				22AD824115A5987C0000D05C /* Headers */,
			);
			buildRules = (
			);
			dependencies = (
			);
			name = Gossip;
			productName = Gossip;
			productReference = 22AD824315A5987C0000D05C /* libGossip.a */;
			productType = "com.apple.product-type.library.static";
		};
/* End PBXNativeTarget section */

/* Begin PBXProject section */
		22AD823A15A5987C0000D05C /* Project object */ = {
			isa = PBXProject;
			attributes = {
				CLASSPREFIX = GS;
				LastUpgradeCheck = 0430;
				ORGANIZATIONNAME = "";
			};
			buildConfigurationList = 22AD823D15A5987C0000D05C /* Build configuration list for PBXProject "Gossip" */;
			compatibilityVersion = "Xcode 3.2";
			developmentRegion = English;
			hasScannedForEncodings = 0;
			knownRegions = (
				en,
			);
			mainGroup = 22AD823815A5987C0000D05C;
			productRefGroup = 22AD824415A5987C0000D05C /* Products */;
			projectDirPath = "";
			projectRoot = "";
			targets = (
				22AD824215A5987C0000D05C /* Gossip */,
				224EFF8B15A6D27600CD541C /* GossipExample */,
			);
		};
/* End PBXProject section */

/* Begin PBXResourcesBuildPhase section */
		224EFF8A15A6D27600CD541C /* Resources */ = {
			isa = PBXResourcesBuildPhase;
			buildActionMask = 2147483647;
			files = (
				224EFF9815A6D27600CD541C /* InfoPlist.strings in Resources */,
				224A004D15A6FFBC00CC5890 /* GSEMenuViewController.xib in Resources */,
				22D43D9615AACFAD0099C79F /* GSECallViewController.xib in Resources */,
				226F92B215DB9D260013A997 /* ringtone.wav in Resources */,
			);
			runOnlyForDeploymentPostprocessing = 0;
		};
/* End PBXResourcesBuildPhase section */

/* Begin PBXSourcesBuildPhase section */
		224EFF8815A6D27600CD541C /* Sources */ = {
			isa = PBXSourcesBuildPhase;
			buildActionMask = 2147483647;
			files = (
				224EFF9A15A6D27600CD541C /* main.m in Sources */,
				224EFF9E15A6D27600CD541C /* GSEAppDelegate.m in Sources */,
				224EFFAD15A6D39200CD541C /* GSERootViewController.m in Sources */,
				224EFFB615A6D7D000CD541C /* GSEConfigurationViewController.m in Sources */,
				224A004A15A6FD9B00CC5890 /* GSEMenuViewController.m in Sources */,
				22D43D9115AAC9120099C79F /* GSECallInitController.m in Sources */,
				22D43D9415AACD680099C79F /* GSECallViewController.m in Sources */,
				221BED7F15B0310000464679 /* GSECodecsViewController.m in Sources */,
			);
			runOnlyForDeploymentPostprocessing = 0;
		};
		22AD823F15A5987C0000D05C /* Sources */ = {
			isa = PBXSourcesBuildPhase;
			buildActionMask = 2147483647;
			files = (
				22AD82DE15A5A1550000D05C /* GSUserAgent.m in Sources */,
				224EFF7615A6B97F00CD541C /* GSConfiguration.m in Sources */,
				224EFF8215A6C7D100CD541C /* GSAccount.m in Sources */,
				224EFF8715A6CC1F00CD541C /* GSAccountConfiguration.m in Sources */,
				224A004515A6FA2600CC5890 /* GSPJUtil.m in Sources */,
				222D263115A702D00035CB04 /* GSDispatch.m in Sources */,
				22D43D8315AAA5FE0099C79F /* GSNotifications.m in Sources */,
				22D43D8715AAC1C40099C79F /* GSCall.m in Sources */,
				22B7D11115AE8A8E0045C54A /* GSOutgoingCall.m in Sources */,
				22B7D11A15AE95A50045C54A /* GSIncomingCall.m in Sources */,
				221BED8415B0338F00464679 /* GSCodecInfo.m in Sources */,
				226F92B115DB9CB00013A997 /* GSRingback.m in Sources */,
			);
			runOnlyForDeploymentPostprocessing = 0;
		};
/* End PBXSourcesBuildPhase section */

/* Begin PBXTargetDependency section */
		224EFFA315A6D28800CD541C /* PBXTargetDependency */ = {
			isa = PBXTargetDependency;
			target = 22AD824215A5987C0000D05C /* Gossip */;
			targetProxy = 224EFFA215A6D28800CD541C /* PBXContainerItemProxy */;
		};
/* End PBXTargetDependency section */

/* Begin PBXVariantGroup section */
		224EFF9615A6D27600CD541C /* InfoPlist.strings */ = {
			isa = PBXVariantGroup;
			children = (
				224EFF9715A6D27600CD541C /* en */,
			);
			name = InfoPlist.strings;
			sourceTree = "<group>";
		};
/* End PBXVariantGroup section */

/* Begin XCBuildConfiguration section */
		224EFFA015A6D27600CD541C /* Debug */ = {
			isa = XCBuildConfiguration;
			buildSettings = {
				"CODE_SIGN_IDENTITY[sdk=iphoneos*]" = "iPhone Developer";
				GCC_PRECOMPILE_PREFIX_HEADER = YES;
				GCC_PREFIX_HEADER = "GossipExample/GossipExample-Prefix.pch";
				INFOPLIST_FILE = "GossipExample/GossipExample-Info.plist";
				LIBRARY_SEARCH_PATHS = (
					"$(inherited)",
					"\"$(SRCROOT)/pjsip/lib\"",
					"\"$(SRCROOT)/pjsip\"",
				);
				OTHER_LDFLAGS = "";
				PRODUCT_NAME = "$(TARGET_NAME)";
				WRAPPER_EXTENSION = app;
			};
			name = Debug;
		};
		224EFFA115A6D27600CD541C /* Release */ = {
			isa = XCBuildConfiguration;
			buildSettings = {
				"CODE_SIGN_IDENTITY[sdk=iphoneos*]" = "iPhone Developer";
				GCC_PRECOMPILE_PREFIX_HEADER = YES;
				GCC_PREFIX_HEADER = "GossipExample/GossipExample-Prefix.pch";
				INFOPLIST_FILE = "GossipExample/GossipExample-Info.plist";
				LIBRARY_SEARCH_PATHS = (
					"$(inherited)",
					"\"$(SRCROOT)/pjsip/lib\"",
					"\"$(SRCROOT)/pjsip\"",
				);
				OTHER_CFLAGS = "-DNS_BLOCK_ASSERTIONS=1";
				OTHER_LDFLAGS = "";
				PRODUCT_NAME = "$(TARGET_NAME)";
				WRAPPER_EXTENSION = app;
			};
			name = Release;
		};
		22AD824E15A5987C0000D05C /* Debug */ = {
			isa = XCBuildConfiguration;
			buildSettings = {
				ALWAYS_SEARCH_USER_PATHS = NO;
				ARCHS = "$(ARCHS_STANDARD_32_BIT)";
				CLANG_ENABLE_OBJC_ARC = YES;
				COPY_PHASE_STRIP = NO;
				GCC_C_LANGUAGE_STANDARD = gnu99;
				GCC_DYNAMIC_NO_PIC = NO;
				GCC_OPTIMIZATION_LEVEL = 0;
				GCC_PREPROCESSOR_DEFINITIONS = (
					"DEBUG=1",
					"$(inherited)",
				);
				GCC_SYMBOLS_PRIVATE_EXTERN = NO;
				GCC_VERSION = com.apple.compilers.llvm.clang.1_0;
				GCC_WARN_ABOUT_RETURN_TYPE = YES;
				GCC_WARN_UNINITIALIZED_AUTOS = YES;
				GCC_WARN_UNUSED_VARIABLE = YES;
				HEADER_SEARCH_PATHS = (
					"$(SRCROOT)/pjsip/source/pjlib/include",
					"$(SRCROOT)/pjsip/source/pjlib-util/include",
					"$(SRCROOT)/pjsip/source/pjmedia/include",
					"$(SRCROOT)/pjsip/source/pjnath/include",
					"$(SRCROOT)/pjsip/source/pjsip/include",
					"$(SRCROOT)/pjsip/source/third_party/resample/include",
					"$(SRCROOT)/pjsip/source/third_party/speex/include",
					"$(SRCROOT)/pjsip/source/third_party/srtp/crypto/include",
					"$(SRCROOT)/pjsip/source/third_party/srtp/include",
				);
				IPHONEOS_DEPLOYMENT_TARGET = 5.1;
				SDKROOT = iphoneos;
			};
			name = Debug;
		};
		22AD824F15A5987C0000D05C /* Release */ = {
			isa = XCBuildConfiguration;
			buildSettings = {
				ALWAYS_SEARCH_USER_PATHS = NO;
				ARCHS = "$(ARCHS_STANDARD_32_BIT)";
				CLANG_ENABLE_OBJC_ARC = YES;
				COPY_PHASE_STRIP = YES;
				GCC_C_LANGUAGE_STANDARD = gnu99;
				GCC_VERSION = com.apple.compilers.llvm.clang.1_0;
				GCC_WARN_ABOUT_RETURN_TYPE = YES;
				GCC_WARN_UNINITIALIZED_AUTOS = YES;
				GCC_WARN_UNUSED_VARIABLE = YES;
				HEADER_SEARCH_PATHS = (
					"$(SRCROOT)/pjsip/source/pjlib/includexxx",
					"$(SRCROOT)/pjsip/source/pjlib/include",
				);
				IPHONEOS_DEPLOYMENT_TARGET = 5.1;
				SDKROOT = iphoneos;
				VALIDATE_PRODUCT = YES;
			};
			name = Release;
		};
		22AD825115A5987C0000D05C /* Debug */ = {
			isa = XCBuildConfiguration;
			buildSettings = {
				DSTROOT = /tmp/Gossip.dst;
				GCC_PRECOMPILE_PREFIX_HEADER = YES;
				GCC_PREFIX_HEADER = "";
				LIBRARY_SEARCH_PATHS = (
					"$(inherited)",
					"\"$(SRCROOT)/pjsip/lib\"",
					"\"$(SRCROOT)/pjsip\"",
				);
				OTHER_LDFLAGS = "-ObjC";
				PRODUCT_NAME = "$(TARGET_NAME)";
				SKIP_INSTALL = YES;
			};
			name = Debug;
		};
		22AD825215A5987C0000D05C /* Release */ = {
			isa = XCBuildConfiguration;
			buildSettings = {
				DSTROOT = /tmp/Gossip.dst;
				GCC_PRECOMPILE_PREFIX_HEADER = YES;
				GCC_PREFIX_HEADER = "";
				LIBRARY_SEARCH_PATHS = (
					"$(inherited)",
					"\"$(SRCROOT)/pjsip/lib\"",
					"\"$(SRCROOT)/pjsip\"",
				);
				OTHER_LDFLAGS = "-ObjC";
				PRODUCT_NAME = "$(TARGET_NAME)";
				SKIP_INSTALL = YES;
			};
			name = Release;
		};
/* End XCBuildConfiguration section */

/* Begin XCConfigurationList section */
		224EFF9F15A6D27600CD541C /* Build configuration list for PBXNativeTarget "GossipExample" */ = {
			isa = XCConfigurationList;
			buildConfigurations = (
				224EFFA015A6D27600CD541C /* Debug */,
				224EFFA115A6D27600CD541C /* Release */,
			);
			defaultConfigurationIsVisible = 0;
			defaultConfigurationName = Release;
		};
		22AD823D15A5987C0000D05C /* Build configuration list for PBXProject "Gossip" */ = {
			isa = XCConfigurationList;
			buildConfigurations = (
				22AD824E15A5987C0000D05C /* Debug */,
				22AD824F15A5987C0000D05C /* Release */,
			);
			defaultConfigurationIsVisible = 0;
			defaultConfigurationName = Release;
		};
		22AD825015A5987C0000D05C /* Build configuration list for PBXNativeTarget "Gossip" */ = {
			isa = XCConfigurationList;
			buildConfigurations = (
				22AD825115A5987C0000D05C /* Debug */,
				22AD825215A5987C0000D05C /* Release */,
			);
			defaultConfigurationIsVisible = 0;
			defaultConfigurationName = Release;
		};
/* End XCConfigurationList section */
	};
	rootObject = 22AD823A15A5987C0000D05C /* Project object */;
}
